# fluxor.lock — generated, edit via `fluxor update`
# Pinned store artifacts: one [[artifact]] entry per resolved digest.

[[artifact]]
kind = "module"
name = "adc_rp"
project = "fluxor"
target = "rp2350"
digest = "sha256:7c08fca5afbb390b936f49fb9349a1886c5e734aaec09dda0fb2fa334861ac85"
reference = "rp2350/adc_rp:0.0.1"

[[artifact]]
kind = "module"
name = "button"
project = "fluxor"
target = "rp2350"
digest = "sha256:fbeb11a6a95f8a3e0725cfba5b602f44387d1d91b03519d137758b1c046e7f25"
reference = "rp2350/button:0.0.1"

[[artifact]]
kind = "module"
name = "ch9120"
project = "fluxor"
target = "rp2350"
digest = "sha256:c10c63e4c30e8e2f6fc5d47480c50990742de5eaebaccffb14dd5485fc5989f8"
reference = "rp2350/ch9120:0.0.1"

[[artifact]]
kind = "module"
name = "conn_demux"
project = "fluxor"
target = "bcm2712"
digest = "sha256:cae026abfbb85703251b843d527c3071b2bb7a8427caede2d0af8e9cc8ffed1b"
reference = "bcm2712/conn_demux:0.0.1"

[[artifact]]
kind = "module"
name = "conn_demux"
project = "fluxor"
target = "rp2350"
digest = "sha256:3712323adc0a62c47b836fa49829f4ec06ea1cd2cef0ff2c99c766d7d38b8000"
reference = "rp2350/conn_demux:0.0.1"

[[artifact]]
kind = "module"
name = "conn_guard"
project = "fluxor"
target = "bcm2712"
digest = "sha256:162d9f22ecb55ad5155338c941483c0918dd03e9ffd6ea00b7e09f6f7f3dda80"
reference = "bcm2712/conn_guard:0.0.1"

[[artifact]]
kind = "module"
name = "conn_guard"
project = "fluxor"
target = "rp2350"
digest = "sha256:784148787b6b05d96e4eff50b12f37793a5f647d58c22f8bee9b7e4c8692773b"
reference = "rp2350/conn_guard:0.0.1"

[[artifact]]
kind = "module"
name = "cyw43"
project = "fluxor"
target = "rp2350"
digest = "sha256:7390169d390c748e64055421761837ded24cb848150bc5cd20ba8c0819bc1778"
reference = "rp2350/cyw43:0.0.1"

[[artifact]]
kind = "module"
name = "debug"
project = "fluxor"
target = "bcm2712"
digest = "sha256:f98afa8517fb53a53e087e03c8ace381bcc5eed135f4fea81c7dcb9b2c9d6197"
reference = "bcm2712/debug:0.0.1"

[[artifact]]
kind = "module"
name = "debug"
project = "fluxor"
target = "rp2350"
digest = "sha256:0ea110f3f9eb4160cc43fc744b154387fc9cf789262e95e45cba1bf736a25ffe"
reference = "rp2350/debug:0.0.1"

[[artifact]]
kind = "module"
name = "demux"
project = "fluxor"
target = "bcm2712"
digest = "sha256:fadf828400a90d8e669cb2f0788bd037acaeb615d097982c41e91bf07528fda0"
reference = "bcm2712/demux:0.0.1"

[[artifact]]
kind = "module"
name = "demux"
project = "fluxor"
target = "rp2350"
digest = "sha256:b2d34502e5ce337a0fd2622160ebbe53893ddf5f99274191847ec27a747c2a0d"
reference = "rp2350/demux:0.0.1"

[[artifact]]
kind = "module"
name = "dma_probe"
project = "fluxor"
target = "bcm2712"
digest = "sha256:bd2f2731059114b6bdbd4462e94257e1e0f5e124e69ace58113bce4868600a68"
reference = "bcm2712/dma_probe:0.0.1"

[[artifact]]
kind = "module"
name = "dns"
project = "fluxor"
target = "bcm2712"
digest = "sha256:f640120ddd23ef6bd64f4d4a0889afea7fa5bd1830e3ebe8841bcf7568c37815"
reference = "bcm2712/dns:0.0.1"

[[artifact]]
kind = "module"
name = "dns"
project = "fluxor"
target = "rp2350"
digest = "sha256:844065250548e63e5a44a48adcc8fbdd6b60ae08884f74b37ae29e689836793d"
reference = "rp2350/dns:0.0.1"

[[artifact]]
kind = "module"
name = "e810"
project = "fluxor"
target = "bcm2712"
digest = "sha256:5ba379839810eeccebdeb741f2765b19225841729f529f8d659008caa84ae796"
reference = "bcm2712/e810:0.0.1"

[[artifact]]
kind = "module"
name = "echo_anchor"
project = "fluxor"
target = "bcm2712"
digest = "sha256:50723c26b2ffe03a5b0feeceabe7a98ab955730fc80edd87743ea08f2677740a"
reference = "bcm2712/echo_anchor:0.0.1"

[[artifact]]
kind = "module"
name = "echo_anchor"
project = "fluxor"
target = "rp2350"
digest = "sha256:332f2ba25bba9327c54db407891554813c74c2c7dc4f82652835d35572d9ebda"
reference = "rp2350/echo_anchor:0.0.1"

[[artifact]]
kind = "module"
name = "echo_worker"
project = "fluxor"
target = "bcm2712"
digest = "sha256:a4c1df4afa8c7f446177edb167aedcb4c1a348794a4c34b0f2e2ca39be023480"
reference = "bcm2712/echo_worker:0.0.1"

[[artifact]]
kind = "module"
name = "echo_worker"
project = "fluxor"
target = "rp2350"
digest = "sha256:b2b9d92c40f02c3ffbc423643c15c339e8646e42059fba7980902b82aa2a1ba6"
reference = "rp2350/echo_worker:0.0.1"

[[artifact]]
kind = "module"
name = "enc28j60"
project = "fluxor"
target = "rp2350"
digest = "sha256:03325a5cab1c8aeeb2e3a3ca822ec9e1c4336a5c708e368d54455a91f1a9ef9d"
reference = "rp2350/enc28j60:0.0.1"

[[artifact]]
kind = "module"
name = "eth_parser"
project = "fluxor"
target = "bcm2712"
digest = "sha256:1a51a84dc5fd4f9ca346e19a379fe5964fab62e622e552f5ee7277f0778715d0"
reference = "bcm2712/eth_parser:0.0.1"

[[artifact]]
kind = "module"
name = "eth_parser"
project = "fluxor"
target = "rp2350"
digest = "sha256:9f2a5a711312a9a3fb292d02823be218901533a608a115fc52c0748dc146cf39"
reference = "rp2350/eth_parser:0.0.1"

[[artifact]]
kind = "module"
name = "fat32"
project = "fluxor"
target = "bcm2712"
digest = "sha256:7287e7ccc3f1f7d2073cd23888fc78ac0ed939bf283861aff377e5310b04f22b"
reference = "bcm2712/fat32:0.0.1"

[[artifact]]
kind = "module"
name = "fat32"
project = "fluxor"
target = "rp2350"
digest = "sha256:6c19fcbc32baedc416ad51c29852d85d0d9a519883f97e58333eb6db306b7898"
reference = "rp2350/fat32:0.0.1"

[[artifact]]
kind = "module"
name = "fat32_seed"
project = "fluxor"
target = "bcm2712"
digest = "sha256:07ec54e240961df582f384186e7fffd0ee3f7b2821eeaf84bd448d61abe9f4c3"
reference = "bcm2712/fat32_seed:0.0.1"

[[artifact]]
kind = "module"
name = "fat32_seed"
project = "fluxor"
target = "rp2350"
digest = "sha256:a9205be9edf30aae495fdb742eade05872d4e8b4c6a09ae9751ab1ab3f739fd5"
reference = "rp2350/fat32_seed:0.0.1"

[[artifact]]
kind = "module"
name = "flash_rp"
project = "fluxor"
target = "rp2350"
digest = "sha256:e6bc664fd8a4a6f33a4c69d2e7a8a3fe0c987d8c55c00efba132c0444a85051e"
reference = "rp2350/flash_rp:0.0.1"

[[artifact]]
kind = "module"
name = "format"
project = "fluxor"
target = "rp2350"
digest = "sha256:8e44e1f15b81457862a80d0d611cba6dac8c4a579d1a7f8624c8708222d005d7"
reference = "rp2350/format:0.0.1"

[[artifact]]
kind = "module"
name = "fs_bank"
project = "fluxor"
target = "bcm2712"
digest = "sha256:85e3a8893ab2955d535502a5d12b488c24721a8243348d8a3dafb49221d749e6"
reference = "bcm2712/fs_bank:0.0.1"

[[artifact]]
kind = "module"
name = "fs_bank"
project = "fluxor"
target = "rp2350"
digest = "sha256:753692e5c0a53a36e6cda5f1233cce2073283336d5c9dee48ea2c6bd4a66e889"
reference = "rp2350/fs_bank:0.0.1"

[[artifact]]
kind = "module"
name = "fs_bank"
project = "fluxor"
target = "wasm"
digest = "sha256:cae6f80d3347cb94d47d2fd7dfe2a0c6ab143dda311344449f15da98d72c71cc"
reference = "wasm/fs_bank:0.0.1"

[[artifact]]
kind = "module"
name = "fs_selftest"
project = "fluxor"
target = "bcm2712"
digest = "sha256:ca531888842545134e955db761031c1d6702df57c4705b59757a4271320f8ba5"
reference = "bcm2712/fs_selftest:0.0.1"

[[artifact]]
kind = "module"
name = "fs_tap"
project = "fluxor"
target = "bcm2712"
digest = "sha256:98b77f730b17731634901ba046bbc521170b6b7b1e9b515419e65ab347c9d94b"
reference = "bcm2712/fs_tap:0.0.1"

[[artifact]]
kind = "module"
name = "fs_tap"
project = "fluxor"
target = "rp2350"
digest = "sha256:0d45afd50a35a0c305a70504b30f5a2d1681ec12e6b67b0c7d47408ba6369566"
reference = "rp2350/fs_tap:0.0.1"

[[artifact]]
kind = "module"
name = "gallery_stage"
project = "fluxor"
target = "bcm2712"
digest = "sha256:18540ccafd7139d70669afb0a936a1e55c1854653ca267cc09a884d464890f26"
reference = "bcm2712/gallery_stage:0.0.1"

[[artifact]]
kind = "module"
name = "gesture"
project = "fluxor"
target = "bcm2712"
digest = "sha256:a1b58d3b977c564369558f9327b9048ba10f40505d624a69272861f97fd7e97c"
reference = "bcm2712/gesture:0.0.1"

[[artifact]]
kind = "module"
name = "gesture"
project = "fluxor"
target = "rp2350"
digest = "sha256:c4da1cdc2ed4d9e0940680d68c4d0069feee36eae459e265373ce6c59bd705c5"
reference = "rp2350/gesture:0.0.1"

[[artifact]]
kind = "module"
name = "gesture"
project = "fluxor"
target = "wasm"
digest = "sha256:59783247751ae34ef1cd5ab4285367b50f331fb5b63f88d80f98817fe5cd8c46"
reference = "wasm/gesture:0.0.1"

[[artifact]]
kind = "module"
name = "graph_slot"
project = "fluxor"
target = "rp2350"
digest = "sha256:1bf3d27e20b47f94939d818d8169ef23fd70766b054fbde7d96513946e0c4641"
reference = "rp2350/graph_slot:0.0.1"

[[artifact]]
kind = "module"
name = "gt911"
project = "fluxor"
target = "rp2350"
digest = "sha256:6b5adc1bbff4c87b78c798b35525f2b7bcad8b56e1ad6d99c4f49bdaa488fefc"
reference = "rp2350/gt911:0.0.1"

[[artifact]]
kind = "module"
name = "i2c_dw"
project = "fluxor"
target = "rp2350"
digest = "sha256:8df46a03783103d226385e4df53b584ca3b64267f6bfb31f3e415b9496fa9efb"
reference = "rp2350/i2c_dw:0.0.1"

[[artifact]]
kind = "module"
name = "i2s_pio"
project = "fluxor"
target = "rp2350"
digest = "sha256:c5ab61bae22000a40eb4c94741232316ef9ca3f71110a43bda1e24d9f3640433"
reference = "rp2350/i2s_pio:0.0.1"

[[artifact]]
kind = "module"
name = "ip"
project = "fluxor"
target = "bcm2712"
digest = "sha256:0a0b133638b5b1d31c7b2776abd05d0c5abdb713f967cc9013631cceff863173"
reference = "bcm2712/ip:0.0.1"

[[artifact]]
kind = "module"
name = "ip"
project = "fluxor"
target = "rp2350"
digest = "sha256:ae3edcaa9c1741c1dc9cd71dfe5af8584b0e75dc84efc5723b7cdf8691736038"
reference = "rp2350/ip:0.0.1"

[[artifact]]
kind = "module"
name = "iso_heap"
project = "fluxor"
target = "bcm2712"
digest = "sha256:cad96814496299a5ef5d7b76ead5e73bfab46f45e9e4df6398e4e99b9b224b1f"
reference = "bcm2712/iso_heap:0.0.1"

[[artifact]]
kind = "module"
name = "iso_probe"
project = "fluxor"
target = "bcm2712"
digest = "sha256:47194067826b0246ce0c1ade9213cf2c32e9b139e475334fde28abfc350c6536"
reference = "bcm2712/iso_probe:0.0.1"

[[artifact]]
kind = "module"
name = "iso_transform"
project = "fluxor"
target = "bcm2712"
digest = "sha256:90e56245a7aec8774e7b4641f4bc1160e2980ff6ec2a46463c8f61a67a6059b2"
reference = "bcm2712/iso_transform:0.0.1"

[[artifact]]
kind = "module"
name = "kv_store"
project = "fluxor"
target = "bcm2712"
digest = "sha256:67b3fa2f3a349aea65f439eddc60db4584ed1c18a64ab282ee21014a068d6ac2"
reference = "bcm2712/kv_store:0.0.1"

[[artifact]]
kind = "module"
name = "kv_store"
project = "fluxor"
target = "rp2350"
digest = "sha256:74f322062a127a375c888e6fd7d799af498c1196b4d7d7d45fac9443112033e8"
reference = "rp2350/kv_store:0.0.1"

[[artifact]]
kind = "module"
name = "link"
project = "fluxor"
target = "rp2350"
digest = "sha256:31c9d5b957d4fb6aa2a5dc0296080c46fb23a445d11c0aad5924c876019cfb3c"
reference = "rp2350/link:0.0.1"

[[artifact]]
kind = "module"
name = "load_gen"
project = "fluxor"
target = "bcm2712"
digest = "sha256:710f2586a9f568d93de094a6604c6be6865ff85331b2884b54f9be48a9d6118a"
reference = "bcm2712/load_gen:0.0.1"

[[artifact]]
kind = "module"
name = "load_gen"
project = "fluxor"
target = "rp2350"
digest = "sha256:fb13d78f07f45ec30012801a78240c0a2b0ef475ab07fbdc393dbadf64a571fa"
reference = "rp2350/load_gen:0.0.1"

[[artifact]]
kind = "module"
name = "log_net"
project = "fluxor"
target = "bcm2712"
digest = "sha256:27b039b9a94c5e90b8ae26f43ba7ae3c62ec23c9332642e44511923ef7f036c8"
reference = "bcm2712/log_net:0.0.1"

[[artifact]]
kind = "module"
name = "log_net"
project = "fluxor"
target = "rp2350"
digest = "sha256:3c56e356f27a3eb4fc7db78ccbf70f5a89bf61726d415820a567f09b7f29d44b"
reference = "rp2350/log_net:0.0.1"

[[artifact]]
kind = "module"
name = "mem_ns"
project = "fluxor"
target = "bcm2712"
digest = "sha256:175eaee83bc8a8e7dda2b2d339223badea6e25b7e6fb3ee68e064fd0eac9113c"
reference = "bcm2712/mem_ns:0.0.1"

[[artifact]]
kind = "module"
name = "mem_ns"
project = "fluxor"
target = "rp2350"
digest = "sha256:bf37417d321aa3c28a29399b4657b0866c075ba121648d9a258717ef7993c8be"
reference = "rp2350/mem_ns:0.0.1"

[[artifact]]
kind = "module"
name = "mic_pio"
project = "fluxor"
target = "rp2350"
digest = "sha256:607d846fc5ef9f9f404377943a59c8c7a325394fb40a61f773045f9a2fb9d1a5"
reference = "rp2350/mic_pio:0.0.1"

[[artifact]]
kind = "module"
name = "monitor"
project = "fluxor"
target = "bcm2712"
digest = "sha256:6c53bcbe9a35ff193700502e24b356b93ded2779c3e976a0306497a21730463c"
reference = "bcm2712/monitor:0.0.1"

[[artifact]]
kind = "module"
name = "monitor"
project = "fluxor"
target = "rp2350"
digest = "sha256:606af836ff768fda74df147b0d68fab1eeeb8b511517d8ba256d271736fdfbfa"
reference = "rp2350/monitor:0.0.1"

[[artifact]]
kind = "module"
name = "mount"
project = "fluxor"
target = "bcm2712"
digest = "sha256:ee69ac600b5d26c15fd21f1e3025ecfa97c874974efee3cdcfe8300676f5a95f"
reference = "bcm2712/mount:0.0.1"

[[artifact]]
kind = "module"
name = "mount"
project = "fluxor"
target = "rp2350"
digest = "sha256:5d0e72e238e878b14f5af2bdbd5463032e35c0562d04dc0d864c6808283f009e"
reference = "rp2350/mount:0.0.1"

[[artifact]]
kind = "module"
name = "mux_echo"
project = "fluxor"
target = "bcm2712"
digest = "sha256:5a5731267111e501d63398736e7fed27b28d7d9860c927fb53ad8b0c29254aca"
reference = "bcm2712/mux_echo:0.0.1"

[[artifact]]
kind = "module"
name = "mux_echo"
project = "fluxor"
target = "rp2350"
digest = "sha256:2a4c663253dd0c4230af6d75848e4ee6538df809ca74f0f8e805add9f8e787dd"
reference = "rp2350/mux_echo:0.0.1"

[[artifact]]
kind = "module"
name = "nvme"
project = "fluxor"
target = "bcm2712"
digest = "sha256:f5a3696b7d8c26a0b18d83953d0e565983ce69020a832da40523107c9801463d"
reference = "bcm2712/nvme:0.0.1"

[[artifact]]
kind = "module"
name = "nvme_arena_probe"
project = "fluxor"
target = "bcm2712"
digest = "sha256:757b4124e19b87454176e3a1bf5e115e58b199fcd624f5e4807cea305f5d2892"
reference = "bcm2712/nvme_arena_probe:0.0.1"

[[artifact]]
kind = "module"
name = "nvme_perf_probe"
project = "fluxor"
target = "bcm2712"
digest = "sha256:ed86c8b162161c22ff08d254396ca4cf48ec43fab50eacc724c3d47aa7d98a0a"
reference = "bcm2712/nvme_perf_probe:0.0.1"

[[artifact]]
kind = "module"
name = "object_bank"
project = "fluxor"
target = "bcm2712"
digest = "sha256:bfc920640d718997df4ab09bfdcff324d8df7ac87f337dec38725e381eb6061d"
reference = "bcm2712/object_bank:0.0.1"

[[artifact]]
kind = "module"
name = "object_bank"
project = "fluxor"
target = "rp2350"
digest = "sha256:4dc535736da649d73e63c7ba58fae8472a26cc79cbc01f6c1b697916e895ee66"
reference = "rp2350/object_bank:0.0.1"

[[artifact]]
kind = "module"
name = "object_bank"
project = "fluxor"
target = "wasm"
digest = "sha256:868f57d84e6ae5fd5b9913e4d37382c5c9d0d414689d8b165f4696a26c412412"
reference = "wasm/object_bank:0.0.1"

[[artifact]]
kind = "module"
name = "observe"
project = "fluxor"
target = "bcm2712"
digest = "sha256:a38f8fbf42e9f90662c09a4e3422113407bfbe2b05bef00a243b9a6b3e7b31bc"
reference = "bcm2712/observe:0.0.1"

[[artifact]]
kind = "module"
name = "observe"
project = "fluxor"
target = "rp2350"
digest = "sha256:d9a5f422e12fd5cd6f1ff5746f26a0b272555b309dec8e87486d00bfae8f8bc4"
reference = "rp2350/observe:0.0.1"

[[artifact]]
kind = "module"
name = "ota_ingest"
project = "fluxor"
target = "rp2350"
digest = "sha256:38edb365f2f750a6930f4672531a5e814faf29e9969a68255b83c4c5041c4e30"
reference = "rp2350/ota_ingest:0.0.1"

[[artifact]]
kind = "module"
name = "ota_registry"
project = "fluxor"
target = "bcm2712"
digest = "sha256:1fa9a0a37da1ea075198843ae9482213fc392e92200e551aa6ba059113208f2b"
reference = "bcm2712/ota_registry:0.0.1"

[[artifact]]
kind = "module"
name = "otel"
project = "fluxor"
target = "bcm2712"
digest = "sha256:2f54f019f523d1abc23eed2caf391b31a31b99a07870426223b73f2f46b4182a"
reference = "bcm2712/otel:0.0.1"

[[artifact]]
kind = "module"
name = "otel"
project = "fluxor"
target = "rp2350"
digest = "sha256:d5af844dfd1b81c9f92d0c030b68def3040e980c7df90b16dbe6bccfa68f63c5"
reference = "rp2350/otel:0.0.1"

[[artifact]]
kind = "module"
name = "panel_surface_traits"
project = "fluxor"
target = "bcm2712"
digest = "sha256:6e28f1555e078b9eee5045f92cc2a7ae55facc15c35c952d5fb75eff3cc0cd29"
reference = "bcm2712/panel_surface_traits:0.0.1"

[[artifact]]
kind = "module"
name = "panel_surface_traits"
project = "fluxor"
target = "rp2350"
digest = "sha256:3278add7a5297f9a9ff6bae7ada28476e6ae6068a6ca9c9aeaef8d292da9abc3"
reference = "rp2350/panel_surface_traits:0.0.1"

[[artifact]]
kind = "module"
name = "pause_driver"
project = "fluxor"
target = "bcm2712"
digest = "sha256:ae0ee467f7e24a83edf71eab165d3fb9d8a6a3a51a619ff167dc079745168771"
reference = "bcm2712/pause_driver:0.0.1"

[[artifact]]
kind = "module"
name = "pause_probe"
project = "fluxor"
target = "bcm2712"
digest = "sha256:2061706a9dbc303c74a99a3ffd3dd96980ceb4f0bd3042d797af4bb4f19f6e4f"
reference = "bcm2712/pause_probe:0.0.1"

[[artifact]]
kind = "module"
name = "pcie_scan"
project = "fluxor"
target = "bcm2712"
digest = "sha256:2b126d0ab20de8b52bdb499e957c48d22b4f781e8524023d5740162628b2878d"
reference = "bcm2712/pcie_scan:0.0.1"

[[artifact]]
kind = "module"
name = "pio_rp"
project = "fluxor"
target = "rp2350"
digest = "sha256:1e0b71388256c9e77fabca205a6ae0b8583f3fcc1a176ff2f2a77d343c0991ac"
reference = "rp2350/pio_rp:0.0.1"

[[artifact]]
kind = "module"
name = "pkt_filter"
project = "fluxor"
target = "bcm2712"
digest = "sha256:ebbc3bbd03fe5558ca36ee1314d004c0ab7c0941b42c044efcbae5c65e54e35e"
reference = "bcm2712/pkt_filter:0.0.1"

[[artifact]]
kind = "module"
name = "pkt_filter"
project = "fluxor"
target = "rp2350"
digest = "sha256:e3e729882fa3b48e989c39b5de9d0a68be07a4fd847ae3a95132de6f74196216"
reference = "rp2350/pkt_filter:0.0.1"

[[artifact]]
kind = "module"
name = "presentation_resolver"
project = "fluxor"
target = "bcm2712"
digest = "sha256:368c118f2103b00307911e63c787f0b8f902d078abaa6936864f0cb8c4576fd3"
reference = "bcm2712/presentation_resolver:0.0.1"

[[artifact]]
kind = "module"
name = "presentation_resolver"
project = "fluxor"
target = "rp2350"
digest = "sha256:0cceec3134d2a3f6108617b88c9fd9a11ea0a158e5fa82bdeb45b356d5ce2221"
reference = "rp2350/presentation_resolver:0.0.1"

[[artifact]]
kind = "module"
name = "presentation_resolver"
project = "fluxor"
target = "wasm"
digest = "sha256:8ec419b2ec4c42b449a439afd714d997e95e7dbe60bbb545b9f48c65de773feb"
reference = "wasm/presentation_resolver:0.0.1"

[[artifact]]
kind = "module"
name = "pwm_out"
project = "fluxor"
target = "rp2350"
digest = "sha256:62e95ec9d0d056fea2ca3e394a0492c0742be9100ad6097716ce027979274e1a"
reference = "rp2350/pwm_out:0.0.1"

[[artifact]]
kind = "module"
name = "pwm_rp"
project = "fluxor"
target = "rp2350"
digest = "sha256:b6166b23c99a8bee826a2563114ba2da85e9790a396818f375d045864f7fa0e8"
reference = "rp2350/pwm_rp:0.0.1"

[[artifact]]
kind = "module"
name = "quic"
project = "fluxor"
target = "bcm2712"
digest = "sha256:1119af9c27f70bef476153b51b357eddda71159202cfc6c40c784eb713a42ac3"
reference = "bcm2712/quic:0.0.1"

[[artifact]]
kind = "module"
name = "reconfigure"
project = "fluxor"
target = "bcm2712"
digest = "sha256:09b94d75a6b56cebedb6676ed19f66dc9594084d72809cd226efe2dfc8acdb26"
reference = "bcm2712/reconfigure:0.0.1"

[[artifact]]
kind = "module"
name = "reconfigure"
project = "fluxor"
target = "rp2350"
digest = "sha256:c5f05ab00ab5f832588671615504300404746732fbc2e9fe51d82e7d1723b6fd"
reference = "rp2350/reconfigure:0.0.1"

[[artifact]]
kind = "module"
name = "remote_channel"
project = "fluxor"
target = "bcm2712"
digest = "sha256:9a8c6180b355e83d3273f169221a6af1f36940343cfc4bca89a4e05ff56babd1"
reference = "bcm2712/remote_channel:0.0.1"

[[artifact]]
kind = "module"
name = "remote_channel"
project = "fluxor"
target = "rp2350"
digest = "sha256:015bee79b0c8e845c0707ef839a1bfc97023ad660ef86da2901f41864a1cc882"
reference = "rp2350/remote_channel:0.0.1"

[[artifact]]
kind = "module"
name = "remote_channel"
project = "fluxor"
target = "wasm"
digest = "sha256:9b181e3ad522c6ab1e7140bb3ec3553d18b8618530364084112afc91f446fdab"
reference = "wasm/remote_channel:0.0.1"

[[artifact]]
kind = "module"
name = "rp1_gem"
project = "fluxor"
target = "bcm2712"
digest = "sha256:f06485b10af15b0c9b70f1643abceb15660bf424468811f2184201ff94743640"
reference = "bcm2712/rp1_gem:0.0.1"

[[artifact]]
kind = "module"
name = "rules"
project = "fluxor"
target = "rp2350"
digest = "sha256:c5f8b57dd3e623cf092b8140873acaaf69cbfc8d16574657ebcb2f4fcd197638"
reference = "rp2350/rules:0.0.1"

[[artifact]]
kind = "module"
name = "sd"
project = "fluxor"
target = "rp2350"
digest = "sha256:e19e120a0f80d7ccbeee431a0d65fb704451d5721b1d1e64fda2bab5f2e9b233"
reference = "rp2350/sd:0.0.1"

[[artifact]]
kind = "module"
name = "smmu"
project = "fluxor"
target = "bcm2712"
digest = "sha256:a8c6dadf9475594c6c7ae84cb2bf260b888b7bb653cfef5ac826c4176c37b00d"
reference = "bcm2712/smmu:0.0.1"

[[artifact]]
kind = "module"
name = "spi_pl022"
project = "fluxor"
target = "rp2350"
digest = "sha256:b4a3bab7b4b5bd25574d4f7cae7288b8aa6c123d70ce6039d1bfd1c7dde1d675"
reference = "rp2350/spi_pl022:0.0.1"

[[artifact]]
kind = "module"
name = "st7701s"
project = "fluxor"
target = "rp2350"
digest = "sha256:7f0b5f3c262bdf504dc632b8ee424f6158c1616f907fc43315a53c82d694d592"
reference = "rp2350/st7701s:0.0.1"

[[artifact]]
kind = "module"
name = "synth_source"
project = "fluxor"
target = "bcm2712"
digest = "sha256:ea083c4d4233a9f325b72dde9b6d2ead3c9909ef2a5e2bfa564fa549e05301a7"
reference = "bcm2712/synth_source:0.0.1"

[[artifact]]
kind = "module"
name = "synth_source"
project = "fluxor"
target = "rp2350"
digest = "sha256:0c5a59c1c037096565afd2df07e6e88448c7d06c5bf81bc43b71547173ca57a4"
reference = "rp2350/synth_source:0.0.1"

[[artifact]]
kind = "module"
name = "temp_sensor"
project = "fluxor"
target = "rp2350"
digest = "sha256:10d13e8d116064738a87be612125089c3315de5e7ac31e2809f2e4d679afa0b3"
reference = "rp2350/temp_sensor:0.0.1"

[[artifact]]
kind = "module"
name = "test_fault"
project = "fluxor"
target = "bcm2712"
digest = "sha256:c1b98d844d1ae02d332f1901159bc592d2081c01f10d6a3a11f4cbf0e62ce8a8"
reference = "bcm2712/test_fault:0.0.1"

[[artifact]]
kind = "module"
name = "test_fault"
project = "fluxor"
target = "rp2350"
digest = "sha256:3dc556d295c34f4a4204739921f8f944d713c74399a893079604b98fb68ad3d3"
reference = "rp2350/test_fault:0.0.1"

[[artifact]]
kind = "module"
name = "tier2_probe"
project = "fluxor"
target = "bcm2712"
digest = "sha256:ca2c143c2c8f44f27f5b739861678a153cb8ebb37165c07bbe468754e8b4b08b"
reference = "bcm2712/tier2_probe:0.0.1"

[[artifact]]
kind = "module"
name = "tls"
project = "fluxor"
target = "bcm2712"
digest = "sha256:e7b2b98719e7a812c391220f43897a0248c90cc60daa2510ab7a54d0fa00cb7a"
reference = "bcm2712/tls:0.0.1"

[[artifact]]
kind = "module"
name = "tls"
project = "fluxor"
target = "rp2350"
digest = "sha256:5b0ec497e98ac6839ab73e419ba82af3e06753bc221738db435c3d55d593ad4e"
reference = "rp2350/tls:0.0.1"

[[artifact]]
kind = "module"
name = "transport_buffer"
project = "fluxor"
target = "bcm2712"
digest = "sha256:536c2030556446b98f53e81f9a17d06e44e3afc4244bcbc1adad7247b9bb6fd8"
reference = "bcm2712/transport_buffer:0.0.1"

[[artifact]]
kind = "module"
name = "transport_buffer"
project = "fluxor"
target = "rp2350"
digest = "sha256:517b047a17e0dc4efab397a3d6b27be8c54692728d0bd4d39031d27df4856a37"
reference = "rp2350/transport_buffer:0.0.1"

[[artifact]]
kind = "module"
name = "uart_pl011"
project = "fluxor"
target = "rp2350"
digest = "sha256:83153860895439f7e95bcd4d4dac9859794acaf8726adbddd2eb33aff84ac36b"
reference = "rp2350/uart_pl011:0.0.1"

[[artifact]]
kind = "module"
name = "usb_midi_host"
project = "fluxor"
target = "bcm2712"
digest = "sha256:9a59e187db8181b398f57c28cae00c87df226cee318fd018cca2bcde35aaecce"
reference = "bcm2712/usb_midi_host:0.0.1"

[[artifact]]
kind = "module"
name = "usb_midi_host"
project = "fluxor"
target = "rp2350"
digest = "sha256:d0aeffe2f9f9ea5d7439c139ec16c0e5a0be4672520cf3424b67064d50745bb8"
reference = "rp2350/usb_midi_host:0.0.1"

[[artifact]]
kind = "module"
name = "virtio_net"
project = "fluxor"
target = "bcm2712"
digest = "sha256:2c22b4049d70e28227e05fec0080e07cd1882bed970f4d2c5f7bf9eec913ad97"
reference = "bcm2712/virtio_net:0.0.1"

[[artifact]]
kind = "module"
name = "wake_snk"
project = "fluxor"
target = "bcm2712"
digest = "sha256:8e34688928f63e9728baf294ef7a9b477c75f3d960205888080da157951b8131"
reference = "bcm2712/wake_snk:0.0.1"

[[artifact]]
kind = "module"
name = "wake_src"
project = "fluxor"
target = "bcm2712"
digest = "sha256:1f7f3743eaef98648fc9099619416646de172b8f4b0be0bce69aaef58ec85c57"
reference = "bcm2712/wake_src:0.0.1"

[[artifact]]
kind = "module"
name = "wifi"
project = "fluxor"
target = "rp2350"
digest = "sha256:956f68b15174fe486c4bd4a9775f0202c1ebc66c9c7eb2afd2a13e5e6ff078ca"
reference = "rp2350/wifi:0.0.1"

[[artifact]]
kind = "runtime"
name = "fluxor"
project = "fluxor"
target = "aarch64-unknown-linux-gnu"
digest = "sha256:293bb8fa92df6d1839d2c3a37b0ded45c781b2048f67c8fea5752124e64c35b8"
reference = "fluxor/run/fluxor-aarch64-unknown-linux-gnu:0.0.1"

[[artifact]]
kind = "runtime"
name = "fluxor-linux"
project = "fluxor"
target = "aarch64-unknown-linux-gnu"
digest = "sha256:fea532f223a00bdebf9ad7568232b43cc5ac5a56d92f213d159945348d13033b"
reference = "fluxor/run/fluxor-linux-aarch64-unknown-linux-gnu:0.0.1"

[[artifact]]
kind = "source"
name = "fluxor-abi"
project = "fluxor"
digest = "sha256:530cc2e1de19159fc3df3b0d85e3fdb237ef5cb4f639d805a94015efe647bcd8"
reference = "fluxor/src/fluxor-abi:0.0.1"

[[artifact]]
kind = "source"
name = "fluxor-contracts"
project = "fluxor"
digest = "sha256:f7d8903354a918568c60ea6d85a461d039b2aa2df212f100a72b38a269b9236c"
reference = "fluxor/src/fluxor-contracts:0.0.1"
