# fluxor.lock — generated, edit via `fluxor update`
# Pinned store artifacts: one [[artifact]] entry per resolved digest.

[[artifact]]
kind = "module"
name = "adc_rp"
project = "fluxor"
target = "rp2350"
digest = "sha256:d4b212ea91d754b30dc87c556f58c76b8da75705b63febed7f49e7a1e3af5b14"
reference = "rp2350/adc_rp:0.0.1"

[[artifact]]
kind = "module"
name = "button"
project = "fluxor"
target = "rp2350"
digest = "sha256:883160b546939a567d9677324c3be3aad001994a16a6ef456ccb886a38746582"
reference = "rp2350/button:0.0.1"

[[artifact]]
kind = "module"
name = "ch9120"
project = "fluxor"
target = "rp2350"
digest = "sha256:00070dddeb14f32bd4985792df33c1726571d4285d8450bd3b90c20b4f328e22"
reference = "rp2350/ch9120:0.0.1"

[[artifact]]
kind = "module"
name = "conn_demux"
project = "fluxor"
target = "bcm2712"
digest = "sha256:b70a387e428b67055dcec2b37c813687d59d85ec7f1f31d7503e40e60267bc2d"
reference = "bcm2712/conn_demux:0.0.1"

[[artifact]]
kind = "module"
name = "conn_demux"
project = "fluxor"
target = "rp2350"
digest = "sha256:b00cd249043ff0bf29d6287390a1560d3d7be84be851f5513417c6ae2c102f23"
reference = "rp2350/conn_demux:0.0.1"

[[artifact]]
kind = "module"
name = "conn_guard"
project = "fluxor"
target = "bcm2712"
digest = "sha256:e1e99d79f05c7b2ffa1a34987930bb3726551f9edbb7761b352efaf0ac4b671f"
reference = "bcm2712/conn_guard:0.0.1"

[[artifact]]
kind = "module"
name = "conn_guard"
project = "fluxor"
target = "rp2350"
digest = "sha256:7f447dd1ecffc0775d4f28c0f6bb4ba4f690888ac93f5e0814b9a6b7ffd1a6f8"
reference = "rp2350/conn_guard:0.0.1"

[[artifact]]
kind = "module"
name = "cyw43"
project = "fluxor"
target = "rp2350"
digest = "sha256:bdc0421f91357a5ae9d518dc04872290e6e7f31148ec7de6bbe6827202a6fa88"
reference = "rp2350/cyw43:0.0.1"

[[artifact]]
kind = "module"
name = "debug"
project = "fluxor"
target = "bcm2712"
digest = "sha256:a5ae05ae24869a5385934610d26bcd8599086c3bd89fdecbf89ac7d7da2f24b0"
reference = "bcm2712/debug:0.0.1"

[[artifact]]
kind = "module"
name = "debug"
project = "fluxor"
target = "rp2350"
digest = "sha256:521ee14f6fa871151b8977723c08ff5a899eee0ace7055e0cf3e50b34281c385"
reference = "rp2350/debug:0.0.1"

[[artifact]]
kind = "module"
name = "demux"
project = "fluxor"
target = "bcm2712"
digest = "sha256:3820843bacb7930b7b3748fa8f3005f1284dd575ea711292b1696b0842fc110d"
reference = "bcm2712/demux:0.0.1"

[[artifact]]
kind = "module"
name = "demux"
project = "fluxor"
target = "rp2350"
digest = "sha256:0cd2a58dea641e1fb53264360da6c0af862827cd4e27a97f8f59a5f1a26b5dd7"
reference = "rp2350/demux:0.0.1"

[[artifact]]
kind = "module"
name = "dma_probe"
project = "fluxor"
target = "bcm2712"
digest = "sha256:d226009b709f32442e44043de2438b6b1364da6391a5e7a0d3b0586c84d5308e"
reference = "bcm2712/dma_probe:0.0.1"

[[artifact]]
kind = "module"
name = "dns"
project = "fluxor"
target = "bcm2712"
digest = "sha256:e3305d74e96e7d3296a887a18452146b2149db1c5825d55492aa05b7bdc01875"
reference = "bcm2712/dns:0.0.1"

[[artifact]]
kind = "module"
name = "dns"
project = "fluxor"
target = "rp2350"
digest = "sha256:f11ad3df64a131ac505b392c97e453e25c3eee177bd130a80ca43a10953d052c"
reference = "rp2350/dns:0.0.1"

[[artifact]]
kind = "module"
name = "e810"
project = "fluxor"
target = "bcm2712"
digest = "sha256:9c10d855ce3bd2aed0f1b7512b699638e4ce535c1791033e7f88f88341a15c5c"
reference = "bcm2712/e810:0.0.1"

[[artifact]]
kind = "module"
name = "echo_anchor"
project = "fluxor"
target = "bcm2712"
digest = "sha256:f00dbcdaf344b55ce261c60bf6f013ec4902ff0d7e1039542551dbed99dc5dc1"
reference = "bcm2712/echo_anchor:0.0.1"

[[artifact]]
kind = "module"
name = "echo_anchor"
project = "fluxor"
target = "rp2350"
digest = "sha256:0f5ea17836e9a50ddcaecdb997aaf06fe092b777194f94d72051f50c1ba9d06e"
reference = "rp2350/echo_anchor:0.0.1"

[[artifact]]
kind = "module"
name = "echo_worker"
project = "fluxor"
target = "bcm2712"
digest = "sha256:ec4d128ae98f74bc10028c5c9f0fb37e0187cbcfe70aa91e7f07971da5139bdb"
reference = "bcm2712/echo_worker:0.0.1"

[[artifact]]
kind = "module"
name = "echo_worker"
project = "fluxor"
target = "rp2350"
digest = "sha256:73551c49ed9e265b688a8ed3bfb330810dcb62f2bc2168a537666b1cd4347c72"
reference = "rp2350/echo_worker:0.0.1"

[[artifact]]
kind = "module"
name = "enc28j60"
project = "fluxor"
target = "rp2350"
digest = "sha256:837d9ec0c449b80a1941ee35efa39da2929c92bc35044e81008b461fff51b63f"
reference = "rp2350/enc28j60:0.0.1"

[[artifact]]
kind = "module"
name = "eth_parser"
project = "fluxor"
target = "bcm2712"
digest = "sha256:e8f25eac51cd20ff13151a86e40443c3b270eba641898600432223182444bd1d"
reference = "bcm2712/eth_parser:0.0.1"

[[artifact]]
kind = "module"
name = "eth_parser"
project = "fluxor"
target = "rp2350"
digest = "sha256:f55f87113fbdb714cf17ca71f088d92ceab0ca5a37458554e46a2164f90cd380"
reference = "rp2350/eth_parser:0.0.1"

[[artifact]]
kind = "module"
name = "fat32"
project = "fluxor"
target = "bcm2712"
digest = "sha256:b4010a6d887f252fdbb0d5e9cc3aa4fca5b673e43c01e5ae4da5e0abc3273696"
reference = "bcm2712/fat32:0.0.1"

[[artifact]]
kind = "module"
name = "fat32"
project = "fluxor"
target = "rp2350"
digest = "sha256:75e23a01097b4bd342ad9a44de1624cd57e71c018d8edf88e89718845101b210"
reference = "rp2350/fat32:0.0.1"

[[artifact]]
kind = "module"
name = "fat32_seed"
project = "fluxor"
target = "bcm2712"
digest = "sha256:1d99f866d03485422f96a8e14bcee24f66bd9c9b1b3012ab6cadd6fb5f6b298e"
reference = "bcm2712/fat32_seed:0.0.1"

[[artifact]]
kind = "module"
name = "fat32_seed"
project = "fluxor"
target = "rp2350"
digest = "sha256:02c6331be3e7169118079128c1a5c418c24dbd26128736950d519069f16863d2"
reference = "rp2350/fat32_seed:0.0.1"

[[artifact]]
kind = "module"
name = "flash_rp"
project = "fluxor"
target = "rp2350"
digest = "sha256:0b9c19c744aca09962020910b83d7baafb1bb898319406bbbd0d26d3d6ce2bf2"
reference = "rp2350/flash_rp:0.0.1"

[[artifact]]
kind = "module"
name = "format"
project = "fluxor"
target = "rp2350"
digest = "sha256:c16bceea6f9d81d3191bacd6afae0a799d54d639b1d535a6cec0021367239f15"
reference = "rp2350/format:0.0.1"

[[artifact]]
kind = "module"
name = "fs_bank"
project = "fluxor"
target = "bcm2712"
digest = "sha256:2ee4fd4a28c8b61d5156afe03338734e6aaaf29ae921b33546f8cc38abecde93"
reference = "bcm2712/fs_bank:0.0.1"

[[artifact]]
kind = "module"
name = "fs_bank"
project = "fluxor"
target = "rp2350"
digest = "sha256:07a9f2b6e025309095128c5ed00aebdd80a0ce31b13e63b753ee5f5a0d5babdb"
reference = "rp2350/fs_bank:0.0.1"

[[artifact]]
kind = "module"
name = "fs_bank"
project = "fluxor"
target = "wasm"
digest = "sha256:6961acd1ab4d1d96a0e17281524fe1029ffd01d13796357809d8171627706f41"
reference = "wasm/fs_bank:0.0.1"

[[artifact]]
kind = "module"
name = "fs_selftest"
project = "fluxor"
target = "bcm2712"
digest = "sha256:bce2f0a4a69116855ef0247af7682d9d891183fd805aead21601ccc160a6a72b"
reference = "bcm2712/fs_selftest:0.0.1"

[[artifact]]
kind = "module"
name = "fs_tap"
project = "fluxor"
target = "bcm2712"
digest = "sha256:77013782a3cf8968bce0edbf909cfb361ceb05e3c773a322e50e874aa926cac2"
reference = "bcm2712/fs_tap:0.0.1"

[[artifact]]
kind = "module"
name = "fs_tap"
project = "fluxor"
target = "rp2350"
digest = "sha256:365bc6f4dcf76bfd1d95997dffe8d9a71c9175bf35b38b6fdc892a81a2ec29e0"
reference = "rp2350/fs_tap:0.0.1"

[[artifact]]
kind = "module"
name = "gallery_stage"
project = "fluxor"
target = "bcm2712"
digest = "sha256:fa25ff91bd2ee20a83c843b9d95edea47eb585c61007dbd8b69c5275ea51bdb6"
reference = "bcm2712/gallery_stage:0.0.1"

[[artifact]]
kind = "module"
name = "gesture"
project = "fluxor"
target = "bcm2712"
digest = "sha256:a5ad87e3bb091f0194537b01c2e47e009b3ae4f4fd25a335688d41a692d0a17b"
reference = "bcm2712/gesture:0.0.1"

[[artifact]]
kind = "module"
name = "gesture"
project = "fluxor"
target = "rp2350"
digest = "sha256:b35799d4674dbdc7b1dd4db9cfff4103254936ba169257daf6a0d0e071fd4006"
reference = "rp2350/gesture:0.0.1"

[[artifact]]
kind = "module"
name = "gesture"
project = "fluxor"
target = "wasm"
digest = "sha256:f1e3b4809c430307ce44e3653da61925b24630316502717428bbc5647d1b7662"
reference = "wasm/gesture:0.0.1"

[[artifact]]
kind = "module"
name = "graph_slot"
project = "fluxor"
target = "rp2350"
digest = "sha256:d4e0e9fcf9a3473b773a78783f8829e9ef75d95059892587a08bb7d333e4d191"
reference = "rp2350/graph_slot:0.0.1"

[[artifact]]
kind = "module"
name = "gt911"
project = "fluxor"
target = "rp2350"
digest = "sha256:11faae1679bab1c2a97e7158cd8f6c61f500764e41fa7acbc00764453dc94692"
reference = "rp2350/gt911:0.0.1"

[[artifact]]
kind = "module"
name = "i2c_dw"
project = "fluxor"
target = "rp2350"
digest = "sha256:04832dff853ef7ea60873322537324a2db2328fd0329660aff55fb38f4b28fef"
reference = "rp2350/i2c_dw:0.0.1"

[[artifact]]
kind = "module"
name = "i2s_pio"
project = "fluxor"
target = "rp2350"
digest = "sha256:f13db8d9f45b47a43499dd9920e2084627f6d982f7766b713f445c3561d80ed1"
reference = "rp2350/i2s_pio:0.0.1"

[[artifact]]
kind = "module"
name = "ip"
project = "fluxor"
target = "bcm2712"
digest = "sha256:f262d7f4bbe55c4ff716ef4ce9846766db0076c9414cfc20e641b226d46d8291"
reference = "bcm2712/ip:0.0.1"

[[artifact]]
kind = "module"
name = "ip"
project = "fluxor"
target = "rp2350"
digest = "sha256:9f71eb302f4dbe32c4895d5c03b82a1122de6bfb3480f2cbee00ed251a6bbd0d"
reference = "rp2350/ip:0.0.1"

[[artifact]]
kind = "module"
name = "iso_heap"
project = "fluxor"
target = "bcm2712"
digest = "sha256:efc3b535300e3e55bd0b31d2a197e954a0a4170bcfd29e9d071023123a6c02ca"
reference = "bcm2712/iso_heap:0.0.1"

[[artifact]]
kind = "module"
name = "iso_probe"
project = "fluxor"
target = "bcm2712"
digest = "sha256:55978d7181607b80b60e3b70dc7c50436a6851d6ad5d8c129258b919b8fcdd83"
reference = "bcm2712/iso_probe:0.0.1"

[[artifact]]
kind = "module"
name = "iso_transform"
project = "fluxor"
target = "bcm2712"
digest = "sha256:fd737731f1db01f0b8f73a19098eee2bf87831ffd181bfcb0d357172223777f2"
reference = "bcm2712/iso_transform:0.0.1"

[[artifact]]
kind = "module"
name = "kv_store"
project = "fluxor"
target = "bcm2712"
digest = "sha256:f909743e1ebef8c5685228e4825c20c373996e8adf536009ccf86cfca7001131"
reference = "bcm2712/kv_store:0.0.1"

[[artifact]]
kind = "module"
name = "kv_store"
project = "fluxor"
target = "rp2350"
digest = "sha256:c07cfdc9d58c00abdaa64489d4c528ec29915a8ebf41c6a7b5be343dce1af0dc"
reference = "rp2350/kv_store:0.0.1"

[[artifact]]
kind = "module"
name = "link"
project = "fluxor"
target = "rp2350"
digest = "sha256:e4dfc2e02fd0b82e7f6b48febff37a1f54ac3434eb38af7aa692259b8e8b8b6b"
reference = "rp2350/link:0.0.1"

[[artifact]]
kind = "module"
name = "load_gen"
project = "fluxor"
target = "bcm2712"
digest = "sha256:0dc8999ad9c216ad29bd437e854615b0f5919c56bd80376826c67c625725c154"
reference = "bcm2712/load_gen:0.0.1"

[[artifact]]
kind = "module"
name = "load_gen"
project = "fluxor"
target = "rp2350"
digest = "sha256:14bcddad939482a5498ed4aeda617369358719daea8e60a62bddb9e682d58700"
reference = "rp2350/load_gen:0.0.1"

[[artifact]]
kind = "module"
name = "log_net"
project = "fluxor"
target = "bcm2712"
digest = "sha256:7909c34aec995a7657f4f2efcbb8eefc6bfd9033ac3ba1cd9e6e74a56a438846"
reference = "bcm2712/log_net:0.0.1"

[[artifact]]
kind = "module"
name = "log_net"
project = "fluxor"
target = "rp2350"
digest = "sha256:6b7d89e3d1b625d77ebead17ac5194610b605a5b36d03b6ec8868c85ba255740"
reference = "rp2350/log_net:0.0.1"

[[artifact]]
kind = "module"
name = "mem_ns"
project = "fluxor"
target = "bcm2712"
digest = "sha256:3a20f63786f7474c2533aa8406e0a2f7995b435370637051a77f2e045d1e6577"
reference = "bcm2712/mem_ns:0.0.1"

[[artifact]]
kind = "module"
name = "mem_ns"
project = "fluxor"
target = "rp2350"
digest = "sha256:1c1e6addc93eba74be30507772e1d0050e4b1597f3997df1a78ed51b956d5cdd"
reference = "rp2350/mem_ns:0.0.1"

[[artifact]]
kind = "module"
name = "mic_pio"
project = "fluxor"
target = "rp2350"
digest = "sha256:bc59802a77aeb5685bb5aa5ecc4b8570579ece7deb76306096ebc3aa3266b185"
reference = "rp2350/mic_pio:0.0.1"

[[artifact]]
kind = "module"
name = "monitor"
project = "fluxor"
target = "bcm2712"
digest = "sha256:980b3444cc9a65685cc8038de0e8b5eed274ebfcc9e314bd8d291cce9ebbdd00"
reference = "bcm2712/monitor:0.0.1"

[[artifact]]
kind = "module"
name = "monitor"
project = "fluxor"
target = "rp2350"
digest = "sha256:39344abb2fa625e783eb6aecfa1d63f85b72866d763f3437ac7c15553540fb86"
reference = "rp2350/monitor:0.0.1"

[[artifact]]
kind = "module"
name = "mount"
project = "fluxor"
target = "bcm2712"
digest = "sha256:4aa39baf042ea0d17b2bbd7cd4113fe106690ee84407a42012862d840fca1893"
reference = "bcm2712/mount:0.0.1"

[[artifact]]
kind = "module"
name = "mount"
project = "fluxor"
target = "rp2350"
digest = "sha256:6361ee975c41c336d4355b2f0a22dbcb82a47cdde0d9160f5e06f4c7feb68840"
reference = "rp2350/mount:0.0.1"

[[artifact]]
kind = "module"
name = "mux_echo"
project = "fluxor"
target = "bcm2712"
digest = "sha256:e817a7615ca422847537966702faabfd1ad08c4da8f15c7e77e7b686c8a2e7e1"
reference = "bcm2712/mux_echo:0.0.1"

[[artifact]]
kind = "module"
name = "mux_echo"
project = "fluxor"
target = "rp2350"
digest = "sha256:7a6d3de511e44ee2d9d37c13bc0ecefa4fb1092a1a474a1f34e85ce2784bff0e"
reference = "rp2350/mux_echo:0.0.1"

[[artifact]]
kind = "module"
name = "nvme"
project = "fluxor"
target = "bcm2712"
digest = "sha256:83e80699f9b0dc4a70744e95b26dd0cdb5c6dac4b8e04fcac4b44e78a8f4a296"
reference = "bcm2712/nvme:0.0.1"

[[artifact]]
kind = "module"
name = "nvme_arena_probe"
project = "fluxor"
target = "bcm2712"
digest = "sha256:78b8d2619cd904fc4726bd899da21cf4f696d953cf194a66be31f321e32dc678"
reference = "bcm2712/nvme_arena_probe:0.0.1"

[[artifact]]
kind = "module"
name = "nvme_perf_probe"
project = "fluxor"
target = "bcm2712"
digest = "sha256:94d5d363244d5414ec492d12eb343996dbb3da5c4292b41da4a0e1fc50c27620"
reference = "bcm2712/nvme_perf_probe:0.0.1"

[[artifact]]
kind = "module"
name = "object_bank"
project = "fluxor"
target = "bcm2712"
digest = "sha256:9b90acf302c777a548e09aa7f3d7647d5e1152d75e8e5a5c292e89a9238d54b9"
reference = "bcm2712/object_bank:0.0.1"

[[artifact]]
kind = "module"
name = "object_bank"
project = "fluxor"
target = "rp2350"
digest = "sha256:02239f8c4e9206dcebf2208b3688fbe51da6c9899b60ef3d2500a6e8dfdb594f"
reference = "rp2350/object_bank:0.0.1"

[[artifact]]
kind = "module"
name = "object_bank"
project = "fluxor"
target = "wasm"
digest = "sha256:18b71228333a655e130620622882924d4d636019e78e627764716a15b1c13562"
reference = "wasm/object_bank:0.0.1"

[[artifact]]
kind = "module"
name = "observe"
project = "fluxor"
target = "bcm2712"
digest = "sha256:5b3b449bc9abb61a46d2d03fe57ced1977787c04ed8760475f2695d14e9dd07f"
reference = "bcm2712/observe:0.0.1"

[[artifact]]
kind = "module"
name = "observe"
project = "fluxor"
target = "rp2350"
digest = "sha256:b7f637f6b19505e47ec43579752c8246a584480fe333bf83c7aaec875dfa7711"
reference = "rp2350/observe:0.0.1"

[[artifact]]
kind = "module"
name = "ota_ingest"
project = "fluxor"
target = "rp2350"
digest = "sha256:49b9dc7402046ea19930b4b72a28832bd07c2cf62759ae7185ef2902529cd2df"
reference = "rp2350/ota_ingest:0.0.1"

[[artifact]]
kind = "module"
name = "ota_registry"
project = "fluxor"
target = "bcm2712"
digest = "sha256:1c2a750dcadc01734c491d543c8323ee356d0564c33d6ebe193bdd3027268ff1"
reference = "bcm2712/ota_registry:0.0.1"

[[artifact]]
kind = "module"
name = "otel"
project = "fluxor"
target = "bcm2712"
digest = "sha256:7e0cdfa88d51f9ec0003c7c483dc466429e4a05b2bb6cd39153cc6084e6fb1b3"
reference = "bcm2712/otel:0.0.1"

[[artifact]]
kind = "module"
name = "otel"
project = "fluxor"
target = "rp2350"
digest = "sha256:c5f4aa32b1b9e7eb0cca0b2d970a3ab34427097bdfbc8b8d43eae0326e9515bb"
reference = "rp2350/otel:0.0.1"

[[artifact]]
kind = "module"
name = "panel_surface_traits"
project = "fluxor"
target = "bcm2712"
digest = "sha256:495e600c918be14d3e92587b42e226b0eebf1997e30bd00704e242c03b1fdff9"
reference = "bcm2712/panel_surface_traits:0.0.1"

[[artifact]]
kind = "module"
name = "panel_surface_traits"
project = "fluxor"
target = "rp2350"
digest = "sha256:ad568a33cbcaa69785ca6f2ab5846e31a8e0859043c9bb5248a4cffb37af4ab7"
reference = "rp2350/panel_surface_traits:0.0.1"

[[artifact]]
kind = "module"
name = "pause_driver"
project = "fluxor"
target = "bcm2712"
digest = "sha256:399075ac619c6d95042fc13674684c1d2f37e5d113bf5890bb6cd2682ea3c8a3"
reference = "bcm2712/pause_driver:0.0.1"

[[artifact]]
kind = "module"
name = "pause_probe"
project = "fluxor"
target = "bcm2712"
digest = "sha256:1c3d1d14d7e3c62a418e4ccff6bc09e97477411b033bc7c2f220e809f111657c"
reference = "bcm2712/pause_probe:0.0.1"

[[artifact]]
kind = "module"
name = "pcie_scan"
project = "fluxor"
target = "bcm2712"
digest = "sha256:e104df489c2db8f4a711ec684fc2c478032e4c3620453fc57a102f8d7a8f190f"
reference = "bcm2712/pcie_scan:0.0.1"

[[artifact]]
kind = "module"
name = "pio_rp"
project = "fluxor"
target = "rp2350"
digest = "sha256:461ebb1b74007911dc9b7648ea5116c5660e3727e346bc3a273e432837cefa6f"
reference = "rp2350/pio_rp:0.0.1"

[[artifact]]
kind = "module"
name = "pkt_filter"
project = "fluxor"
target = "bcm2712"
digest = "sha256:69cecf1c7eda42dbfbfb1458e00a27f4ea95f5ea7bff71b7302267ec2f9e9856"
reference = "bcm2712/pkt_filter:0.0.1"

[[artifact]]
kind = "module"
name = "pkt_filter"
project = "fluxor"
target = "rp2350"
digest = "sha256:9f37e3fc40d3f1411c13998d0497991caf6730c8c633f1787e2020504b51c5e9"
reference = "rp2350/pkt_filter:0.0.1"

[[artifact]]
kind = "module"
name = "presentation_resolver"
project = "fluxor"
target = "bcm2712"
digest = "sha256:506a8bc92c3fef6ecc0a002122c475889ee9a1d9e04677bc61a61b6f72da6e66"
reference = "bcm2712/presentation_resolver:0.0.1"

[[artifact]]
kind = "module"
name = "presentation_resolver"
project = "fluxor"
target = "rp2350"
digest = "sha256:0ef99ce5c2534e1062baa376d822f2484540a2a4cdf414ef65bf0e43d74fd6a9"
reference = "rp2350/presentation_resolver:0.0.1"

[[artifact]]
kind = "module"
name = "presentation_resolver"
project = "fluxor"
target = "wasm"
digest = "sha256:b7004f7cf559001cf136d7f6af7ab37c3923674f70c83cb0f508778d3d0122bb"
reference = "wasm/presentation_resolver:0.0.1"

[[artifact]]
kind = "module"
name = "pwm_out"
project = "fluxor"
target = "rp2350"
digest = "sha256:b8ec815545104d444c70edc5a46ff278c1bb0f516baaf1362fbc31e751b3b56c"
reference = "rp2350/pwm_out:0.0.1"

[[artifact]]
kind = "module"
name = "pwm_rp"
project = "fluxor"
target = "rp2350"
digest = "sha256:398fd3b25a02eb96e6ae79873d86b2cb3db5843b4614484c9b15b5f7030449f7"
reference = "rp2350/pwm_rp:0.0.1"

[[artifact]]
kind = "module"
name = "quic"
project = "fluxor"
target = "bcm2712"
digest = "sha256:13d2b1a6f257bbe4ae0243d31717b968d3d7bab4d7f7bb6cdb4e7fc88a824137"
reference = "bcm2712/quic:0.0.1"

[[artifact]]
kind = "module"
name = "reconfigure"
project = "fluxor"
target = "bcm2712"
digest = "sha256:156c8986de4eacfc8f8bb77db77e548dd8e7451723f9ce17c9549d38df4ba743"
reference = "bcm2712/reconfigure:0.0.1"

[[artifact]]
kind = "module"
name = "reconfigure"
project = "fluxor"
target = "rp2350"
digest = "sha256:77445bd078522846fe3a167bd613731e09c8ad6c90a1c9a225c3de22d3352194"
reference = "rp2350/reconfigure:0.0.1"

[[artifact]]
kind = "module"
name = "remote_channel"
project = "fluxor"
target = "bcm2712"
digest = "sha256:16bab059a04034cf5b4eb789794e4383f7872cfe0c7a62f14dc0261de2b23d4e"
reference = "bcm2712/remote_channel:0.0.1"

[[artifact]]
kind = "module"
name = "remote_channel"
project = "fluxor"
target = "rp2350"
digest = "sha256:81e14da561f0172bfda8c99ab1e24bba5dc8784467cdac1b27ba5ec947e1d02d"
reference = "rp2350/remote_channel:0.0.1"

[[artifact]]
kind = "module"
name = "remote_channel"
project = "fluxor"
target = "wasm"
digest = "sha256:d0eb8c0b32586ce4862ac5fcdffd59c9d7cdb40d7c9fb23a0243c389df80bb48"
reference = "wasm/remote_channel:0.0.1"

[[artifact]]
kind = "module"
name = "rp1_gem"
project = "fluxor"
target = "bcm2712"
digest = "sha256:ffd4f54ac0b2e1eaf46b8dacf7d214cc6be32b2d035c5bdfe1f6d386bf6d44fa"
reference = "bcm2712/rp1_gem:0.0.1"

[[artifact]]
kind = "module"
name = "rules"
project = "fluxor"
target = "rp2350"
digest = "sha256:abdda5b1451d0be619d7099978f6896fdb4b42622571e722ec74e058f438040b"
reference = "rp2350/rules:0.0.1"

[[artifact]]
kind = "module"
name = "sd"
project = "fluxor"
target = "rp2350"
digest = "sha256:41b2a3cc12fcd94292699e125fa0ed593b38b84c080fe1047fc6b6d604033a1d"
reference = "rp2350/sd:0.0.1"

[[artifact]]
kind = "module"
name = "smmu"
project = "fluxor"
target = "bcm2712"
digest = "sha256:9a37dbb1a389c61e1399b96bc817e45a5acc708259c47cbf2aa68ccb44a16937"
reference = "bcm2712/smmu:0.0.1"

[[artifact]]
kind = "module"
name = "spi_pl022"
project = "fluxor"
target = "rp2350"
digest = "sha256:6549aafee6bfab42193fd93c4b55127201afbb49552240a7723cdf7d34e51825"
reference = "rp2350/spi_pl022:0.0.1"

[[artifact]]
kind = "module"
name = "st7701s"
project = "fluxor"
target = "rp2350"
digest = "sha256:57f9e1b38e1c2ad422c29dbd693ee0818fd9194a651b4a852e8aef2721ed8bdc"
reference = "rp2350/st7701s:0.0.1"

[[artifact]]
kind = "module"
name = "synth_source"
project = "fluxor"
target = "bcm2712"
digest = "sha256:8f215785d7b1372b04f6e478cecd66fd388486294afef7386fa3aa64e77485db"
reference = "bcm2712/synth_source:0.0.1"

[[artifact]]
kind = "module"
name = "synth_source"
project = "fluxor"
target = "rp2350"
digest = "sha256:e0cf683f9db84f4292b47992d1ae4c307f171b36d9ae2838af7a7dd36ab5aabf"
reference = "rp2350/synth_source:0.0.1"

[[artifact]]
kind = "module"
name = "temp_sensor"
project = "fluxor"
target = "rp2350"
digest = "sha256:262eb745ed2b4d40bcc0c7c6dc94d6ef88b55e0faf3c0ff796d96dd096996892"
reference = "rp2350/temp_sensor:0.0.1"

[[artifact]]
kind = "module"
name = "test_fault"
project = "fluxor"
target = "bcm2712"
digest = "sha256:f1f3cbe5b4630059610229ee42c1f2e599b03ba353dab27a37d270c217df64ee"
reference = "bcm2712/test_fault:0.0.1"

[[artifact]]
kind = "module"
name = "test_fault"
project = "fluxor"
target = "rp2350"
digest = "sha256:6f0c90de3d3721fa1001beea59750861ebf71cd0ef3cd3c7de401b6a2b8bf512"
reference = "rp2350/test_fault:0.0.1"

[[artifact]]
kind = "module"
name = "tier2_probe"
project = "fluxor"
target = "bcm2712"
digest = "sha256:313e4185935e2284f449e7c59f42390aa7d3b4a336beb2b851bd0c37e98945ca"
reference = "bcm2712/tier2_probe:0.0.1"

[[artifact]]
kind = "module"
name = "tls"
project = "fluxor"
target = "bcm2712"
digest = "sha256:23723fe680f1826ec1626b7a28eab4ee43b9795921e90abee6b7fb7ae58b8355"
reference = "bcm2712/tls:0.0.1"

[[artifact]]
kind = "module"
name = "tls"
project = "fluxor"
target = "rp2350"
digest = "sha256:3f3eada5fedf24b0dbfc25c6ad638409c64ba6943845ca3de4614d42e2fe1bce"
reference = "rp2350/tls:0.0.1"

[[artifact]]
kind = "module"
name = "transport_buffer"
project = "fluxor"
target = "bcm2712"
digest = "sha256:f7377afc2258f42cd10b4eb7ac2b98c0653b6f292587593f7a5c5328d7518567"
reference = "bcm2712/transport_buffer:0.0.1"

[[artifact]]
kind = "module"
name = "transport_buffer"
project = "fluxor"
target = "rp2350"
digest = "sha256:7afba6c95cc28f7c84d6bff1f56f811bf5224ee44739915fe419788a275210e6"
reference = "rp2350/transport_buffer:0.0.1"

[[artifact]]
kind = "module"
name = "uart_pl011"
project = "fluxor"
target = "rp2350"
digest = "sha256:68df582ecdd6febaa364370ff46858a0e5487ed4743b6e39e12fb78e41ccf284"
reference = "rp2350/uart_pl011:0.0.1"

[[artifact]]
kind = "module"
name = "usb_midi_host"
project = "fluxor"
target = "bcm2712"
digest = "sha256:a0800347ca7cd9fcabf86f1a60b6e3a3ca3c4cbfc78cf6fa31ee71d2a1987f40"
reference = "bcm2712/usb_midi_host:0.0.1"

[[artifact]]
kind = "module"
name = "usb_midi_host"
project = "fluxor"
target = "rp2350"
digest = "sha256:c1d63d0f633f9c86a3fdc1c359df00620f3d9d41a1ccd91ffa9b181219786846"
reference = "rp2350/usb_midi_host:0.0.1"

[[artifact]]
kind = "module"
name = "virtio_net"
project = "fluxor"
target = "bcm2712"
digest = "sha256:f7b666e22b268c7724cb8e3dc43e1fee06075a5b752add7d28b496f83c9c799a"
reference = "bcm2712/virtio_net:0.0.1"

[[artifact]]
kind = "module"
name = "wake_snk"
project = "fluxor"
target = "bcm2712"
digest = "sha256:e4657d8b37800af8441a12011aa0b62a8241ec65d252c011d682cbc069cdadc8"
reference = "bcm2712/wake_snk:0.0.1"

[[artifact]]
kind = "module"
name = "wake_src"
project = "fluxor"
target = "bcm2712"
digest = "sha256:845e86cee89e76aaf9b746e18f1c1c5d0b37efc6a74d7ceea5ce3d6fb2c065e8"
reference = "bcm2712/wake_src:0.0.1"

[[artifact]]
kind = "module"
name = "wifi"
project = "fluxor"
target = "rp2350"
digest = "sha256:ab123b0495b3a3487c15b3b82b8781218e888bc24a263702ec984be169f82ead"
reference = "rp2350/wifi:0.0.1"

[[artifact]]
kind = "runtime"
name = "fluxor"
project = "fluxor"
target = "aarch64-unknown-linux-gnu"
digest = "sha256:dc0353223614743be7fed5e3055b9c6c7e5791a701d54e8bb5fd78abf107409d"
reference = "fluxor/run/fluxor-aarch64-unknown-linux-gnu:0.0.1"

[[artifact]]
kind = "runtime"
name = "fluxor-linux"
project = "fluxor"
target = "aarch64-unknown-linux-gnu"
digest = "sha256:d68d7c75ccaefa227f14f7b9305a90b3e2692feada1aa765adce3bc789b36bd6"
reference = "fluxor/run/fluxor-linux-aarch64-unknown-linux-gnu:0.0.1"

[[artifact]]
kind = "source"
name = "fluxor-abi"
project = "fluxor"
digest = "sha256:e2fdda7799c60c974fdd33a5eb25d172b20b28f7b724b5e9d034fc73a74bfaa1"
reference = "fluxor/src/fluxor-abi:0.0.1"

[[artifact]]
kind = "source"
name = "fluxor-contracts"
project = "fluxor"
digest = "sha256:f0d74db6a8106b113ddabbd65db8bcc84c742705d0dad1ed223926f3b6dd6e5d"
reference = "fluxor/src/fluxor-contracts:0.0.1"
