# fluxor.lock — generated, edit via `fluxor update`
# Pinned store artifacts: one [[artifact]] entry per resolved digest.

[[artifact]]
kind = "module"
name = "adc_rp"
project = "fluxor"
target = "rp2350"
digest = "sha256:c3b85e40ebc96ef509953e14045acb6c74e5af919ef78052c275c03a3cab6522"
reference = "rp2350/adc_rp:0.0.1"

[[artifact]]
kind = "module"
name = "button"
project = "fluxor"
target = "rp2350"
digest = "sha256:b3d11b97dd97bcf6f98d2540af829694b4c261b23ba679458eb21913edbbcd34"
reference = "rp2350/button:0.0.1"

[[artifact]]
kind = "module"
name = "ch9120"
project = "fluxor"
target = "rp2350"
digest = "sha256:a5a0b938895e067d3055b2a2ca498c62b535a2d0bfae7ed3fe4f7ec948dab48d"
reference = "rp2350/ch9120:0.0.1"

[[artifact]]
kind = "module"
name = "conn_demux"
project = "fluxor"
target = "bcm2712"
digest = "sha256:0e03064c953434165d9323d2df2ab937d025bf452923d29e5afbddbbecebc366"
reference = "bcm2712/conn_demux:0.0.1"

[[artifact]]
kind = "module"
name = "conn_demux"
project = "fluxor"
target = "rp2350"
digest = "sha256:dcb6bfc10f8712ab7083077f0b7f06e1a34c8d1e6850ad9fceb007627e2d0e45"
reference = "rp2350/conn_demux:0.0.1"

[[artifact]]
kind = "module"
name = "conn_guard"
project = "fluxor"
target = "bcm2712"
digest = "sha256:f0615e8b5361bd3eb062f6eb87b97be712fc8c285821c850cee9dac6e689fc28"
reference = "bcm2712/conn_guard:0.0.1"

[[artifact]]
kind = "module"
name = "conn_guard"
project = "fluxor"
target = "rp2350"
digest = "sha256:a6aa962e6701b445afc41874bdc4ddfcc761c7e27693975c108684c37d2f3e68"
reference = "rp2350/conn_guard:0.0.1"

[[artifact]]
kind = "module"
name = "cyw43"
project = "fluxor"
target = "rp2350"
digest = "sha256:142135420b5b317a693302f67fc83896a081f5f9b3d99eabba114444bce446de"
reference = "rp2350/cyw43:0.0.1"

[[artifact]]
kind = "module"
name = "debug"
project = "fluxor"
target = "bcm2712"
digest = "sha256:e2f89305b03ce614245a40818169768c03fba784cb134c606a9ca1fc4c514ff1"
reference = "bcm2712/debug:0.0.1"

[[artifact]]
kind = "module"
name = "debug"
project = "fluxor"
target = "rp2350"
digest = "sha256:813f410e851ba11fc33131120ece068316a1391614eb0c80d57191b7a3b23da0"
reference = "rp2350/debug:0.0.1"

[[artifact]]
kind = "module"
name = "demux"
project = "fluxor"
target = "bcm2712"
digest = "sha256:b34a5a4dde29898a332b2c7816a121d0c7b574ec174a45cec295869a622f7f9a"
reference = "bcm2712/demux:0.0.1"

[[artifact]]
kind = "module"
name = "demux"
project = "fluxor"
target = "rp2350"
digest = "sha256:1154c96de607007f39288c818136f2c5fdfce6b5747aa235d8b8a95d4e9417b3"
reference = "rp2350/demux:0.0.1"

[[artifact]]
kind = "module"
name = "dma_probe"
project = "fluxor"
target = "bcm2712"
digest = "sha256:d10370bf35e3a287d4ed3cbbb9dcf7e34f564bae554e7bcbf07402415553dacc"
reference = "bcm2712/dma_probe:0.0.1"

[[artifact]]
kind = "module"
name = "dns"
project = "fluxor"
target = "bcm2712"
digest = "sha256:a86358c7a8b8dd892e6110f4ccabb6ba24d93622dc4fb80f50fe3550c1ec2e37"
reference = "bcm2712/dns:0.0.1"

[[artifact]]
kind = "module"
name = "dns"
project = "fluxor"
target = "rp2350"
digest = "sha256:8763acce2953766aaf866e3ed61021a9f5ba365b8dd1e0197f4f8891e770f4c6"
reference = "rp2350/dns:0.0.1"

[[artifact]]
kind = "module"
name = "e810"
project = "fluxor"
target = "bcm2712"
digest = "sha256:968bf3a6db963680ab959dc61f965e43aebda9c8bbb780b6054e65f0c94f5044"
reference = "bcm2712/e810:0.0.1"

[[artifact]]
kind = "module"
name = "echo_anchor"
project = "fluxor"
target = "bcm2712"
digest = "sha256:332435fb84837d0b1ce4b708967ba8b9563b4b1da9a424e415c9488400d5d441"
reference = "bcm2712/echo_anchor:0.0.1"

[[artifact]]
kind = "module"
name = "echo_anchor"
project = "fluxor"
target = "rp2350"
digest = "sha256:e48ca45635bcabaff0838d661135c83502fc3473f20f26af8fa9d094f95d1e63"
reference = "rp2350/echo_anchor:0.0.1"

[[artifact]]
kind = "module"
name = "echo_worker"
project = "fluxor"
target = "bcm2712"
digest = "sha256:65e65a4929e7b10f98d2c180a892dbd5deb4a93d59635c51e71e5301cb2b2bc8"
reference = "bcm2712/echo_worker:0.0.1"

[[artifact]]
kind = "module"
name = "echo_worker"
project = "fluxor"
target = "rp2350"
digest = "sha256:854fb997009dd891c1110492185edfd3d3687a73ed313d0a2b4123039526bfc9"
reference = "rp2350/echo_worker:0.0.1"

[[artifact]]
kind = "module"
name = "enc28j60"
project = "fluxor"
target = "rp2350"
digest = "sha256:86fc98bb0a20c61651e41274b7549b345de4ee3df53d4cf871756795b454b156"
reference = "rp2350/enc28j60:0.0.1"

[[artifact]]
kind = "module"
name = "eth_parser"
project = "fluxor"
target = "bcm2712"
digest = "sha256:7a85b2f9006109f1c2bffa209b90e207c030eeb20db55f4b6807ed55aa0c1ec3"
reference = "bcm2712/eth_parser:0.0.1"

[[artifact]]
kind = "module"
name = "eth_parser"
project = "fluxor"
target = "rp2350"
digest = "sha256:1122f6331fa2a0e347d7cb7866314018927f64ec8e8446e1b2ce920ef2da4d4c"
reference = "rp2350/eth_parser:0.0.1"

[[artifact]]
kind = "module"
name = "exchange_poster"
project = "fluxor"
target = "bcm2712"
digest = "sha256:19a7f171c069ef2486cd575d2762e2d92e70f37b80bd6e99e792031270c2df6a"
reference = "bcm2712/exchange_poster:0.0.1"

[[artifact]]
kind = "module"
name = "exchange_poster"
project = "fluxor"
target = "rp2350"
digest = "sha256:3ad6d2c61f3818355e75960236e476a700996cc11236a84868fed2dfab7cc2b3"
reference = "rp2350/exchange_poster:0.0.1"

[[artifact]]
kind = "module"
name = "fat32"
project = "fluxor"
target = "bcm2712"
digest = "sha256:3bd1eeb975e025420fb42aa1250e5770d6b3b3a1045eccecfb44fffbacd40501"
reference = "bcm2712/fat32:0.0.1"

[[artifact]]
kind = "module"
name = "fat32"
project = "fluxor"
target = "rp2350"
digest = "sha256:2f6d6fb05b87baabbe361347081eb5018dcf7879ba6927e348158f190cd892b8"
reference = "rp2350/fat32:0.0.1"

[[artifact]]
kind = "module"
name = "fat32_seed"
project = "fluxor"
target = "bcm2712"
digest = "sha256:671813f556edbc1d2209fa18bca76e4dc7db284036f74f7b7e2f1e08f07d5875"
reference = "bcm2712/fat32_seed:0.0.1"

[[artifact]]
kind = "module"
name = "fat32_seed"
project = "fluxor"
target = "rp2350"
digest = "sha256:4ac3b8de6496cde48435c3e4b64eaaa76d722302445eb6daeedab99eb88db1d8"
reference = "rp2350/fat32_seed:0.0.1"

[[artifact]]
kind = "module"
name = "flash_rp"
project = "fluxor"
target = "rp2350"
digest = "sha256:5bdd5417fdc7a0575a790043005e8358776f6bf9993aa21028df5d2fa038f8b3"
reference = "rp2350/flash_rp:0.0.1"

[[artifact]]
kind = "module"
name = "format"
project = "fluxor"
target = "rp2350"
digest = "sha256:188cd7b0f4892870a1e7e9b66ea32777bd4d308a38d9381b04c67ba6a1b2d1ce"
reference = "rp2350/format:0.0.1"

[[artifact]]
kind = "module"
name = "fs_bank"
project = "fluxor"
target = "bcm2712"
digest = "sha256:5cfe3f739ad4870f999e72594053361f9f0c5380bed4f9faa067fbe4cf67dfaf"
reference = "bcm2712/fs_bank:0.0.1"

[[artifact]]
kind = "module"
name = "fs_bank"
project = "fluxor"
target = "rp2350"
digest = "sha256:84eef3ba61f8e7a71fcd2c927182cd8662a30d4c84a327c3379093d68950e081"
reference = "rp2350/fs_bank:0.0.1"

[[artifact]]
kind = "module"
name = "fs_bank"
project = "fluxor"
target = "wasm"
digest = "sha256:ef62af0c72fd0cf9d6a962253378f3f54454c413dc24d4ff1cd081ee27ab795f"
reference = "wasm/fs_bank:0.0.1"

[[artifact]]
kind = "module"
name = "fs_selftest"
project = "fluxor"
target = "bcm2712"
digest = "sha256:ca9bf4fbceaa5760d9d6f14bec51a38e3ae22a0e8cfd6060d1cdd831869c683c"
reference = "bcm2712/fs_selftest:0.0.1"

[[artifact]]
kind = "module"
name = "fs_tap"
project = "fluxor"
target = "bcm2712"
digest = "sha256:2a409f92a674289ec0302bd070053de68a31e3a9d03f0e7ec3cca188afcc1438"
reference = "bcm2712/fs_tap:0.0.1"

[[artifact]]
kind = "module"
name = "fs_tap"
project = "fluxor"
target = "rp2350"
digest = "sha256:2f4545861e9a2ef51b50c61e4fbd17f524064d0b33f28c2a780c4892b20499ed"
reference = "rp2350/fs_tap:0.0.1"

[[artifact]]
kind = "module"
name = "gallery_stage"
project = "fluxor"
target = "bcm2712"
digest = "sha256:e6002b6d70a718201ffe063861393406c434aa1b96ae7f08600e49108841e442"
reference = "bcm2712/gallery_stage:0.0.1"

[[artifact]]
kind = "module"
name = "gesture"
project = "fluxor"
target = "bcm2712"
digest = "sha256:dec09db496b713145a7996d1c2d0f1ec4d286160b498a7aa65d755d72fd51bd6"
reference = "bcm2712/gesture:0.0.1"

[[artifact]]
kind = "module"
name = "gesture"
project = "fluxor"
target = "rp2350"
digest = "sha256:6359b6a5892dec238c72f2380cce1fe0efd272949a12c97e4497fca7e27f7021"
reference = "rp2350/gesture:0.0.1"

[[artifact]]
kind = "module"
name = "gesture"
project = "fluxor"
target = "wasm"
digest = "sha256:f5ba97a7c2771ee0f0329e994837faa483ecbf734b9189c2d93540fc2461a371"
reference = "wasm/gesture:0.0.1"

[[artifact]]
kind = "module"
name = "graph_slot"
project = "fluxor"
target = "rp2350"
digest = "sha256:9153336f567d86ef642f8946d743ccc9bf4ffa8c121c0144e22268a132f74d1b"
reference = "rp2350/graph_slot:0.0.1"

[[artifact]]
kind = "module"
name = "gt911"
project = "fluxor"
target = "rp2350"
digest = "sha256:e99bea4d7bac803c967c38e2663b349fd87f733a0e26b0677e9d6d88176a1005"
reference = "rp2350/gt911:0.0.1"

[[artifact]]
kind = "module"
name = "i2c_dw"
project = "fluxor"
target = "rp2350"
digest = "sha256:d916c5df4e61fc849b3201cf2d5af633137c866d958fa9173541f95bad901054"
reference = "rp2350/i2c_dw:0.0.1"

[[artifact]]
kind = "module"
name = "i2s_pio"
project = "fluxor"
target = "rp2350"
digest = "sha256:0b55b3ec1f46b95b515d929f3a17dbb10a02bd87f36de43305f6168664eadb9f"
reference = "rp2350/i2s_pio:0.0.1"

[[artifact]]
kind = "module"
name = "ip"
project = "fluxor"
target = "bcm2712"
digest = "sha256:dee692ddb23c71f8519b096aaec31c49f874efac6a168b0d87e554b4711571b8"
reference = "bcm2712/ip:0.0.1"

[[artifact]]
kind = "module"
name = "ip"
project = "fluxor"
target = "rp2350"
digest = "sha256:c450544a753557b3399956f251f2a86526e9a7f287daeefd1d43238e33fe9a04"
reference = "rp2350/ip:0.0.1"

[[artifact]]
kind = "module"
name = "iso_heap"
project = "fluxor"
target = "bcm2712"
digest = "sha256:3b9bc1241cb7fa5f2e3aa7693127a0067575f1843389bae65d505237f12bde1f"
reference = "bcm2712/iso_heap:0.0.1"

[[artifact]]
kind = "module"
name = "iso_probe"
project = "fluxor"
target = "bcm2712"
digest = "sha256:54cd00d09fc4804f8ee00508a5bca05726168c6dabb628757ab443d4c578c48c"
reference = "bcm2712/iso_probe:0.0.1"

[[artifact]]
kind = "module"
name = "iso_transform"
project = "fluxor"
target = "bcm2712"
digest = "sha256:a4899ba9049fc4fb16662d91960b4076e6503dc7921b15343dc7b816af190ce4"
reference = "bcm2712/iso_transform:0.0.1"

[[artifact]]
kind = "module"
name = "kv_store"
project = "fluxor"
target = "bcm2712"
digest = "sha256:3a66572b7d04bedf881150fa9ed11473f85895d7f0094ddcfee41fdd9a66ca35"
reference = "bcm2712/kv_store:0.0.1"

[[artifact]]
kind = "module"
name = "kv_store"
project = "fluxor"
target = "rp2350"
digest = "sha256:4742d7fc27aeaed05729de24ac8f89953df3f250e5caa04002514b6d72a72c86"
reference = "rp2350/kv_store:0.0.1"

[[artifact]]
kind = "module"
name = "link"
project = "fluxor"
target = "rp2350"
digest = "sha256:05cd6eac3349522edd8fb5f3b0a5534db4dcca452f0e50f53f47655d1620ea13"
reference = "rp2350/link:0.0.1"

[[artifact]]
kind = "module"
name = "load_gen"
project = "fluxor"
target = "bcm2712"
digest = "sha256:2ca8b3d83feeafe82c74c45a7e25c1b3b4a347c0315dd04e4afa0a5e5286da38"
reference = "bcm2712/load_gen:0.0.1"

[[artifact]]
kind = "module"
name = "load_gen"
project = "fluxor"
target = "rp2350"
digest = "sha256:6ad3b1ebbf48af8fc5e4d249e5cacbb068234bb343cfb1a95d62fc4f6c0210e2"
reference = "rp2350/load_gen:0.0.1"

[[artifact]]
kind = "module"
name = "log_net"
project = "fluxor"
target = "bcm2712"
digest = "sha256:ca2081d24de0bd06d206043e4e7cf412e5f89bdfba86e36a3ff1b492a23f52c1"
reference = "bcm2712/log_net:0.0.1"

[[artifact]]
kind = "module"
name = "log_net"
project = "fluxor"
target = "rp2350"
digest = "sha256:7970012359876184c13631e64ebbcac6aad990ad60ada9003b4e06a089f843c6"
reference = "rp2350/log_net:0.0.1"

[[artifact]]
kind = "module"
name = "mem_ns"
project = "fluxor"
target = "bcm2712"
digest = "sha256:779aa2482fc943aee9ec77e83b8a03cc61512176bc5f51fa24b068277ef4bd98"
reference = "bcm2712/mem_ns:0.0.1"

[[artifact]]
kind = "module"
name = "mem_ns"
project = "fluxor"
target = "rp2350"
digest = "sha256:e39a2dbd26cde4241d8abbe36b57abb74cace30faf2c74b6d313e8c258f0cf9a"
reference = "rp2350/mem_ns:0.0.1"

[[artifact]]
kind = "module"
name = "mic_pio"
project = "fluxor"
target = "rp2350"
digest = "sha256:667e6bfdcfb13e044ebbd937679dd5fc5c995024e6fe7f5b4ce80d76594dafba"
reference = "rp2350/mic_pio:0.0.1"

[[artifact]]
kind = "module"
name = "monitor"
project = "fluxor"
target = "bcm2712"
digest = "sha256:d47c5c864417429a9fb076ca4c225219d8cbc6984bc7ce52da84c4f0163e99cf"
reference = "bcm2712/monitor:0.0.1"

[[artifact]]
kind = "module"
name = "monitor"
project = "fluxor"
target = "rp2350"
digest = "sha256:2a573437363749676b4c98bc7e6897695b9141f8b2aea5d0c2ad7241a127274e"
reference = "rp2350/monitor:0.0.1"

[[artifact]]
kind = "module"
name = "mount"
project = "fluxor"
target = "bcm2712"
digest = "sha256:0177d549252bcd6eda11a4f95c6312905f3d6b1369d035185e2bc657754f43d9"
reference = "bcm2712/mount:0.0.1"

[[artifact]]
kind = "module"
name = "mount"
project = "fluxor"
target = "rp2350"
digest = "sha256:f3905b798e5133a1e2f8a9c99cddde8b9dba4981fdc87e64caf97fed76775270"
reference = "rp2350/mount:0.0.1"

[[artifact]]
kind = "module"
name = "mux_echo"
project = "fluxor"
target = "bcm2712"
digest = "sha256:fdbf9bda8e52b4ac0522c21d4f2e31c30cc5b087bbd7ea3f59710591d818ffa6"
reference = "bcm2712/mux_echo:0.0.1"

[[artifact]]
kind = "module"
name = "mux_echo"
project = "fluxor"
target = "rp2350"
digest = "sha256:7751c5542d9a8ea93a7dd34c69b84905fe4ebeacc7b62a378d10c5af481acef4"
reference = "rp2350/mux_echo:0.0.1"

[[artifact]]
kind = "module"
name = "nvme"
project = "fluxor"
target = "bcm2712"
digest = "sha256:bfa492b0ab9a16ca596d2e92ee9468033b3a80c861672acfa1948a0e2bb5285e"
reference = "bcm2712/nvme:0.0.1"

[[artifact]]
kind = "module"
name = "nvme_arena_probe"
project = "fluxor"
target = "bcm2712"
digest = "sha256:af65805d86cda7cca5e9c6725c6afd7e700acbc84c59cdcdead6c9e2f28aa35b"
reference = "bcm2712/nvme_arena_probe:0.0.1"

[[artifact]]
kind = "module"
name = "nvme_perf_probe"
project = "fluxor"
target = "bcm2712"
digest = "sha256:b080c6093cb5d3d2dc5d044b6d1b08806e7bd14f727d79c4671f6e6b5f19844b"
reference = "bcm2712/nvme_perf_probe:0.0.1"

[[artifact]]
kind = "module"
name = "object_bank"
project = "fluxor"
target = "bcm2712"
digest = "sha256:062757b36bbce9850859118615d37b4fad33aac83aeb80a802833dd688eb6be8"
reference = "bcm2712/object_bank:0.0.1"

[[artifact]]
kind = "module"
name = "object_bank"
project = "fluxor"
target = "rp2350"
digest = "sha256:529756a6765096b71ef29a9b3f53991d570332d17515656abde35bf621e85610"
reference = "rp2350/object_bank:0.0.1"

[[artifact]]
kind = "module"
name = "object_bank"
project = "fluxor"
target = "wasm"
digest = "sha256:cb40351131ebc6908baf8836b9f7b38e080de5b7d5d04b479e04663c1847e201"
reference = "wasm/object_bank:0.0.1"

[[artifact]]
kind = "module"
name = "observe"
project = "fluxor"
target = "bcm2712"
digest = "sha256:74526096401d48779469d63a1d45c9ad95ee8f5efd03a555fadc450c319b21b2"
reference = "bcm2712/observe:0.0.1"

[[artifact]]
kind = "module"
name = "observe"
project = "fluxor"
target = "rp2350"
digest = "sha256:c94d542f1a557bb425ace051c3ca1dff0446dffa58f3d7dd871037499198ae54"
reference = "rp2350/observe:0.0.1"

[[artifact]]
kind = "module"
name = "ota_ingest"
project = "fluxor"
target = "rp2350"
digest = "sha256:77746f2aeb2f9490eca09c77b6193c4588291c2d4c55365c8c41ad3bb031d306"
reference = "rp2350/ota_ingest:0.0.1"

[[artifact]]
kind = "module"
name = "ota_registry"
project = "fluxor"
target = "bcm2712"
digest = "sha256:42207cb01089424dae51c897bd7b64528b4a687859caa22b8ca3bb65aec3393b"
reference = "bcm2712/ota_registry:0.0.1"

[[artifact]]
kind = "module"
name = "otel"
project = "fluxor"
target = "bcm2712"
digest = "sha256:184da8de686b44f378e4aad4fdd321be8920ac810ce85a0982939f24102bc1a7"
reference = "bcm2712/otel:0.0.1"

[[artifact]]
kind = "module"
name = "otel"
project = "fluxor"
target = "rp2350"
digest = "sha256:9a4ddf5256220434cd7756517a34cfcabfab562e2d16f8fb373efc165a68cf45"
reference = "rp2350/otel:0.0.1"

[[artifact]]
kind = "module"
name = "otel-min"
project = "fluxor"
target = "bcm2712"
digest = "sha256:a0b2d833d3105108d82fc86ed0d28151ae1188926e22559a26f36fd83ac5baef"
reference = "bcm2712/otel-min:0.0.1"

[[artifact]]
kind = "module"
name = "otel-min"
project = "fluxor"
target = "rp2350"
digest = "sha256:3ed54e010a1998eb564cebd8e5569386035462f271191da483cdd85a8c849ad7"
reference = "rp2350/otel-min:0.0.1"

[[artifact]]
kind = "module"
name = "panel_surface_traits"
project = "fluxor"
target = "bcm2712"
digest = "sha256:3c5f7d26bf941deb4c01653d037815954642e5bf37c31e2544c9dd7219e070e6"
reference = "bcm2712/panel_surface_traits:0.0.1"

[[artifact]]
kind = "module"
name = "panel_surface_traits"
project = "fluxor"
target = "rp2350"
digest = "sha256:e67dc899fc3436390cbd70225e9fb14d87d395d89dc0d5929d0ccfde58244248"
reference = "rp2350/panel_surface_traits:0.0.1"

[[artifact]]
kind = "module"
name = "pause_driver"
project = "fluxor"
target = "bcm2712"
digest = "sha256:9fab2120f62533058ab36a41edde85d894808fe515bf06af3f4e8f6e0cb9c0cf"
reference = "bcm2712/pause_driver:0.0.1"

[[artifact]]
kind = "module"
name = "pause_probe"
project = "fluxor"
target = "bcm2712"
digest = "sha256:018176308e65cb36f82f642ffc4870bb56ed85a257c99080ac81e59446f37929"
reference = "bcm2712/pause_probe:0.0.1"

[[artifact]]
kind = "module"
name = "pcie_scan"
project = "fluxor"
target = "bcm2712"
digest = "sha256:36d85912777a36ec505b4136f7ec2651ed37c13eb6edcba10dfb0fcdcf398546"
reference = "bcm2712/pcie_scan:0.0.1"

[[artifact]]
kind = "module"
name = "pio_rp"
project = "fluxor"
target = "rp2350"
digest = "sha256:fd374ef0d0c97c96f505bcd9ee117fd88348912680388d814d9941182b1ee1d7"
reference = "rp2350/pio_rp:0.0.1"

[[artifact]]
kind = "module"
name = "pkt_filter"
project = "fluxor"
target = "bcm2712"
digest = "sha256:30205b7ba156f852bba4a7c1534c2677c72b31b94b561ab9d79f4d628ffadc59"
reference = "bcm2712/pkt_filter:0.0.1"

[[artifact]]
kind = "module"
name = "pkt_filter"
project = "fluxor"
target = "rp2350"
digest = "sha256:b2ab2e4ae44b47395c8c9c947a29e80e1075a8a87b0088c5ea7e745bf214e156"
reference = "rp2350/pkt_filter:0.0.1"

[[artifact]]
kind = "module"
name = "presentation_resolver"
project = "fluxor"
target = "bcm2712"
digest = "sha256:fdf3d1a8d594fe12b09674b66dec3b289df99b63028d00103ed4edf3d4b75dcd"
reference = "bcm2712/presentation_resolver:0.0.1"

[[artifact]]
kind = "module"
name = "presentation_resolver"
project = "fluxor"
target = "rp2350"
digest = "sha256:b4e3ba596eae871828fc069f29426a1df35fffe9c1250908fdb84df63042467d"
reference = "rp2350/presentation_resolver:0.0.1"

[[artifact]]
kind = "module"
name = "presentation_resolver"
project = "fluxor"
target = "wasm"
digest = "sha256:f014dd43309fee70cdef1aa14f91daf6152eaed91f073b3e98f7c0a575d5182c"
reference = "wasm/presentation_resolver:0.0.1"

[[artifact]]
kind = "module"
name = "pwm_out"
project = "fluxor"
target = "rp2350"
digest = "sha256:c1edb90aaf53be262a6ca023d2314647aaed270e82bf0bf4b409fff64c1fc1f2"
reference = "rp2350/pwm_out:0.0.1"

[[artifact]]
kind = "module"
name = "pwm_rp"
project = "fluxor"
target = "rp2350"
digest = "sha256:2d7b33fe66eb02fd56cdc735b4b6be5ec4cabfd175ae8db2ea35c87b86bc0ed9"
reference = "rp2350/pwm_rp:0.0.1"

[[artifact]]
kind = "module"
name = "quic"
project = "fluxor"
target = "bcm2712"
digest = "sha256:e3cb0e7c3d80c4e2e90adb7731c9a4523ce0f481d101ac011eceb924962e2a39"
reference = "bcm2712/quic:0.0.1"

[[artifact]]
kind = "module"
name = "reconfigure"
project = "fluxor"
target = "bcm2712"
digest = "sha256:102b1d8e825273bf54e2cd818c5a985a2b87c9efa9e0734fc202eac3313b57e0"
reference = "bcm2712/reconfigure:0.0.1"

[[artifact]]
kind = "module"
name = "reconfigure"
project = "fluxor"
target = "rp2350"
digest = "sha256:a51e15bfdc004e72adc9a026ed88f886d6163d63b9e81438369187a3e55eb6c1"
reference = "rp2350/reconfigure:0.0.1"

[[artifact]]
kind = "module"
name = "remote_channel"
project = "fluxor"
target = "bcm2712"
digest = "sha256:4a7970cb044074def133a0b20f22b6bb9807fe5e513704511df5e90f98b3457d"
reference = "bcm2712/remote_channel:0.0.1"

[[artifact]]
kind = "module"
name = "remote_channel"
project = "fluxor"
target = "rp2350"
digest = "sha256:41f4ad3aa178e6bf2f79a5585016cdf6415131f221a78c59bf17aabfb9e6f4ea"
reference = "rp2350/remote_channel:0.0.1"

[[artifact]]
kind = "module"
name = "remote_channel"
project = "fluxor"
target = "wasm"
digest = "sha256:8372b6eb5f2e8ea9e4f60b97d755015032a722eebdf74f6e0b6a06b854831f1c"
reference = "wasm/remote_channel:0.0.1"

[[artifact]]
kind = "module"
name = "rp1_gem"
project = "fluxor"
target = "bcm2712"
digest = "sha256:62ec68562966baa7eca13bb332b9d5d8ca575912dc6fbdabef96e5bdd0c30722"
reference = "bcm2712/rp1_gem:0.0.1"

[[artifact]]
kind = "module"
name = "rules"
project = "fluxor"
target = "rp2350"
digest = "sha256:3f55447a1f6f85dcd60cd95deca01cbe01b4712503658818965f5e8dec577fe6"
reference = "rp2350/rules:0.0.1"

[[artifact]]
kind = "module"
name = "sd"
project = "fluxor"
target = "rp2350"
digest = "sha256:3a8f612d25e6e99c3e70ad6b7f75e4088fa22e7f1775ff75357c47a6973c47f9"
reference = "rp2350/sd:0.0.1"

[[artifact]]
kind = "module"
name = "smmu"
project = "fluxor"
target = "bcm2712"
digest = "sha256:9fdf342c8c19d14887dc42cb71147fe1a86d8869cea3327514fe355d5f34c7b7"
reference = "bcm2712/smmu:0.0.1"

[[artifact]]
kind = "module"
name = "spi_pl022"
project = "fluxor"
target = "rp2350"
digest = "sha256:19ef43b96aa9c65bf8407f738591b0e827c14aa94f4ae624f2f081d5ee13733c"
reference = "rp2350/spi_pl022:0.0.1"

[[artifact]]
kind = "module"
name = "st7701s"
project = "fluxor"
target = "rp2350"
digest = "sha256:e1c1ad46d1d0e2bf1a46c2679b8fdad807af91a21cce87e0e679d316ccea406c"
reference = "rp2350/st7701s:0.0.1"

[[artifact]]
kind = "module"
name = "store_probe"
project = "fluxor"
target = "bcm2712"
digest = "sha256:bb25b5d37150594e581c01c64c23f0d1f4f2a32733163e805e2d3a81fe350aaf"
reference = "bcm2712/store_probe:0.0.1"

[[artifact]]
kind = "module"
name = "store_seed"
project = "fluxor"
target = "bcm2712"
digest = "sha256:a181be46afd622f5627c9195f3bfa465a47b54b27413fb74c88c63f20f1562e7"
reference = "bcm2712/store_seed:0.0.1"

[[artifact]]
kind = "module"
name = "synth_source"
project = "fluxor"
target = "bcm2712"
digest = "sha256:31bafe405329e99d2594ee90a4b4caf548da29f2fde11fe2c5507be55a408ac5"
reference = "bcm2712/synth_source:0.0.1"

[[artifact]]
kind = "module"
name = "synth_source"
project = "fluxor"
target = "rp2350"
digest = "sha256:973c1fac2f31fb7c87636fdb5c4b8a94a82c6ed0977f02ec3a8c1d41b88a0435"
reference = "rp2350/synth_source:0.0.1"

[[artifact]]
kind = "module"
name = "temp_sensor"
project = "fluxor"
target = "rp2350"
digest = "sha256:5dd575f8f1ca61b5b00f31b74383cfbc5d167c1b5c876303e261cc3278f79491"
reference = "rp2350/temp_sensor:0.0.1"

[[artifact]]
kind = "module"
name = "test_fault"
project = "fluxor"
target = "bcm2712"
digest = "sha256:0c23424ec3b6d1914a862ff00229a94b646c411f9be93425f0b93e5804273f87"
reference = "bcm2712/test_fault:0.0.1"

[[artifact]]
kind = "module"
name = "test_fault"
project = "fluxor"
target = "rp2350"
digest = "sha256:b39fb44128a705ebd665b58f65fca2939aa8375b3e489050a8de799ae2383feb"
reference = "rp2350/test_fault:0.0.1"

[[artifact]]
kind = "module"
name = "tier2_probe"
project = "fluxor"
target = "bcm2712"
digest = "sha256:edf9885214959702e372a7a0c1a9a11185059fca0ddc9709d0109d83b26b7d88"
reference = "bcm2712/tier2_probe:0.0.1"

[[artifact]]
kind = "module"
name = "tls"
project = "fluxor"
target = "bcm2712"
digest = "sha256:453396840624bff019639945da9e37eecb1552df24b3be3507bdd4929b782333"
reference = "bcm2712/tls:0.0.1"

[[artifact]]
kind = "module"
name = "tls"
project = "fluxor"
target = "rp2350"
digest = "sha256:04ec855a9026221d5dd1352087cffe2dc3f7f7436347800724203117d681c4a4"
reference = "rp2350/tls:0.0.1"

[[artifact]]
kind = "module"
name = "transport_buffer"
project = "fluxor"
target = "bcm2712"
digest = "sha256:9808d719e2c02083227ffa966a4c13bd0aafa044108289ad5c6a17a9f8ec2ffb"
reference = "bcm2712/transport_buffer:0.0.1"

[[artifact]]
kind = "module"
name = "transport_buffer"
project = "fluxor"
target = "rp2350"
digest = "sha256:38569020ee8bad9fcb8aa54531e370b33c30ac875c2b8ba3ed33ea778dfb7967"
reference = "rp2350/transport_buffer:0.0.1"

[[artifact]]
kind = "module"
name = "uart_pl011"
project = "fluxor"
target = "rp2350"
digest = "sha256:feb09f12f8735d8a4cca8b6b222d61879c96e29f5b72806b7ba744f97bd7f1e1"
reference = "rp2350/uart_pl011:0.0.1"

[[artifact]]
kind = "module"
name = "usb_midi_host"
project = "fluxor"
target = "bcm2712"
digest = "sha256:d7cb43badb5abccd9ce2148c98738a76ef5e61888a522e163edb5ac32c5ad926"
reference = "bcm2712/usb_midi_host:0.0.1"

[[artifact]]
kind = "module"
name = "usb_midi_host"
project = "fluxor"
target = "rp2350"
digest = "sha256:d78058d985e939bcd0c8887d1c05687a2fadf4a4a18572ea107cf35d5ae62929"
reference = "rp2350/usb_midi_host:0.0.1"

[[artifact]]
kind = "module"
name = "virtio_net"
project = "fluxor"
target = "bcm2712"
digest = "sha256:6e53f8bab461033c4cf38f80e69baa77ce983376faeb8f224f9f974301e6c228"
reference = "bcm2712/virtio_net:0.0.1"

[[artifact]]
kind = "module"
name = "wake_snk"
project = "fluxor"
target = "bcm2712"
digest = "sha256:481afc6b2e38b00522905797110f4160dff254574de03b30114b6ac8a0cdbf3a"
reference = "bcm2712/wake_snk:0.0.1"

[[artifact]]
kind = "module"
name = "wake_src"
project = "fluxor"
target = "bcm2712"
digest = "sha256:aef0361eaeaf0f4d0e5338779800de78f296bd13b0d01a43416ad07bd0807dc7"
reference = "bcm2712/wake_src:0.0.1"

[[artifact]]
kind = "module"
name = "wifi"
project = "fluxor"
target = "rp2350"
digest = "sha256:c175b0092749337b610f6eba868d3b5ffcc84cc15a24650976ec283652185541"
reference = "rp2350/wifi:0.0.1"

[[artifact]]
kind = "runtime"
name = "fluxor"
project = "fluxor"
target = "aarch64-unknown-linux-gnu"
digest = "sha256:ac044c4fd21a79071866c0ca840cfd00147291d0036e75fc58bc87414af6cf2e"
reference = "fluxor/run/fluxor-aarch64-unknown-linux-gnu:0.0.1"

[[artifact]]
kind = "runtime"
name = "fluxor-linux"
project = "fluxor"
target = "aarch64-unknown-linux-gnu"
digest = "sha256:498d26c4760a1b746c90132be01d7861a27dc2609e789b26aa6a5a4667b63853"
reference = "fluxor/run/fluxor-linux-aarch64-unknown-linux-gnu:0.0.1"

[[artifact]]
kind = "source"
name = "fluxor-abi"
project = "fluxor"
digest = "sha256:2dc5ea5c5d54a59088cf0d122f1f2c934911c5bed99a3bd61e659841974ba0cb"
reference = "fluxor/src/fluxor-abi:0.0.1"

[[artifact]]
kind = "source"
name = "fluxor-contracts"
project = "fluxor"
digest = "sha256:d8571a1071c58f0cbbf93fb896481fdb493683af252e126ce10c1a038072e561"
reference = "fluxor/src/fluxor-contracts:0.0.1"
